// !$*UTF8*$!
{
	archiveVersion = 1;
	classes = {
	};
	objectVersion = 50;
	objects = {

/* Begin PBXBuildFile section */
		494C87C7221B6694008B7A60 /* main.m in Sources */ = {isa = PBXBuildFile; fileRef = 494C87C6221B6694008B7A60 /* main.m */; };
		494C87E2221B6771008B7A60 /* Q2AddTwoNumbers.m in Sources */ = {isa = PBXBuildFile; fileRef = 494C87CE221B6771008B7A60 /* Q2AddTwoNumbers.m */; };
		494C87E3221B6771008B7A60 /* Q8StringToInteger.m in Sources */ = {isa = PBXBuildFile; fileRef = 494C87D0221B6771008B7A60 /* Q8StringToInteger.m */; };
		494C87E4221B6771008B7A60 /* Q5LongestPalindromicSubstring.m in Sources */ = {isa = PBXBuildFile; fileRef = 494C87D1221B6771008B7A60 /* Q5LongestPalindromicSubstring.m */; };
		494C87E5221B6771008B7A60 /* Q7ReverseInteger.m in Sources */ = {isa = PBXBuildFile; fileRef = 494C87D2221B6771008B7A60 /* Q7ReverseInteger.m */; };
		494C87E6221B6771008B7A60 /* Q1TwoSum.m in Sources */ = {isa = PBXBuildFile; fileRef = 494C87D3221B6771008B7A60 /* Q1TwoSum.m */; };
		494C87E7221B6771008B7A60 /* Q3LongestSubstringWithoutRepeatingCharacters.m in Sources */ = {isa = PBXBuildFile; fileRef = 494C87D5221B6771008B7A60 /* Q3LongestSubstringWithoutRepeatingCharacters.m */; };
		494C87E8221B6771008B7A60 /* Q9PalindromeNumber.m in Sources */ = {isa = PBXBuildFile; fileRef = 494C87D6221B6771008B7A60 /* Q9PalindromeNumber.m */; };
		494C87E9221B6771008B7A60 /* Q6ZigZagConversion.m in Sources */ = {isa = PBXBuildFile; fileRef = 494C87DC221B6771008B7A60 /* Q6ZigZagConversion.m */; };
		494C87EA221B6771008B7A60 /* Q4MedianTwoSortedArrays.m in Sources */ = {isa = PBXBuildFile; fileRef = 494C87DD221B6771008B7A60 /* Q4MedianTwoSortedArrays.m */; };
		494C87EB221B6771008B7A60 /* Q10RegularExpressionMatching.m in Sources */ = {isa = PBXBuildFile; fileRef = 494C87DF221B6771008B7A60 /* Q10RegularExpressionMatching.m */; };
		494C87EF221B679F008B7A60 /* ListNode.m in Sources */ = {isa = PBXBuildFile; fileRef = 494C87ED221B679F008B7A60 /* ListNode.m */; };
		494C880F221B6E30008B7A60 /* Q20ValidParentheses.m in Sources */ = {isa = PBXBuildFile; fileRef = 494C87FC221B6E2E008B7A60 /* Q20ValidParentheses.m */; };
		494C8810221B6E30008B7A60 /* Q19RemoveNthNodeFromEndOfList.m in Sources */ = {isa = PBXBuildFile; fileRef = 494C87FD221B6E2E008B7A60 /* Q19RemoveNthNodeFromEndOfList.m */; };
		494C8811221B6E30008B7A60 /* Q18FourSum.m in Sources */ = {isa = PBXBuildFile; fileRef = 494C87FF221B6E2E008B7A60 /* Q18FourSum.m */; };
		494C8812221B6E30008B7A60 /* Q14LongestCommonPrefix.m in Sources */ = {isa = PBXBuildFile; fileRef = 494C8800221B6E2E008B7A60 /* Q14LongestCommonPrefix.m */; };
		494C8813221B6E30008B7A60 /* Q15ThreeSum.m in Sources */ = {isa = PBXBuildFile; fileRef = 494C8802221B6E2E008B7A60 /* Q15ThreeSum.m */; };
		494C8814221B6E30008B7A60 /* Q17LetterCombinationsOfAPhoneNumber.m in Sources */ = {isa = PBXBuildFile; fileRef = 494C8803221B6E2E008B7A60 /* Q17LetterCombinationsOfAPhoneNumber.m */; };
		494C8815221B6E30008B7A60 /* Q16ThreeSumClosest.m in Sources */ = {isa = PBXBuildFile; fileRef = 494C8804221B6E2F008B7A60 /* Q16ThreeSumClosest.m */; };
		494C8816221B6E30008B7A60 /* Q13RomanToInteger.m in Sources */ = {isa = PBXBuildFile; fileRef = 494C8806221B6E2F008B7A60 /* Q13RomanToInteger.m */; };
		494C8817221B6E30008B7A60 /* Q11ContainerWithMostWater.m in Sources */ = {isa = PBXBuildFile; fileRef = 494C8808221B6E2F008B7A60 /* Q11ContainerWithMostWater.m */; };
		494C8818221B6E30008B7A60 /* Q12IntegerToRoman.m in Sources */ = {isa = PBXBuildFile; fileRef = 494C880B221B6E2F008B7A60 /* Q12IntegerToRoman.m */; };
		494C882F221B71D5008B7A60 /* Q26RemoveDuplicatesFromSortedArray.m in Sources */ = {isa = PBXBuildFile; fileRef = 494C881E221B71D3008B7A60 /* Q26RemoveDuplicatesFromSortedArray.m */; };
		494C8830221B71D5008B7A60 /* Q22GenerateParentheses.m in Sources */ = {isa = PBXBuildFile; fileRef = 494C881F221B71D3008B7A60 /* Q22GenerateParentheses.m */; };
		494C8831221B71D5008B7A60 /* Q21MergeTwoSortedLists.m in Sources */ = {isa = PBXBuildFile; fileRef = 494C8821221B71D4008B7A60 /* Q21MergeTwoSortedLists.m */; };
		494C8832221B71D5008B7A60 /* Q29DivideTwoIntegers.m in Sources */ = {isa = PBXBuildFile; fileRef = 494C8823221B71D4008B7A60 /* Q29DivideTwoIntegers.m */; };
		494C8833221B71D5008B7A60 /* Q24SwapNodesInPairs.m in Sources */ = {isa = PBXBuildFile; fileRef = 494C8826221B71D4008B7A60 /* Q24SwapNodesInPairs.m */; };
		494C8834221B71D5008B7A60 /* Q28ImplementStrStr.m in Sources */ = {isa = PBXBuildFile; fileRef = 494C8828221B71D4008B7A60 /* Q28ImplementStrStr.m */; };
		494C8835221B71D5008B7A60 /* Q30SubstringWithConcatenationOfAllWords.m in Sources */ = {isa = PBXBuildFile; fileRef = 494C8829221B71D4008B7A60 /* Q30SubstringWithConcatenationOfAllWords.m */; };
		494C8836221B71D5008B7A60 /* Q27RemoveElement.m in Sources */ = {isa = PBXBuildFile; fileRef = 494C882A221B71D5008B7A60 /* Q27RemoveElement.m */; };
		494C8837221B71D5008B7A60 /* Q25ReverseNodesInKGGroup.m in Sources */ = {isa = PBXBuildFile; fileRef = 494C882C221B71D5008B7A60 /* Q25ReverseNodesInKGGroup.m */; };
		494C8838221B71D5008B7A60 /* Q23MergeKSortedLists.m in Sources */ = {isa = PBXBuildFile; fileRef = 494C882E221B71D5008B7A60 /* Q23MergeKSortedLists.m */; };
		494C8841221B78CD008B7A60 /* Q33SearchInRotatedSortedArray.m in Sources */ = {isa = PBXBuildFile; fileRef = 494C883E221B78CD008B7A60 /* Q33SearchInRotatedSortedArray.m */; };
		494C8842221B78CD008B7A60 /* Q35SearchInsertPosition.m in Sources */ = {isa = PBXBuildFile; fileRef = 494C8840221B78CD008B7A60 /* Q35SearchInsertPosition.m */; };
		494C8847221B7E35008B7A60 /* Q528RandomPickWithWeight.m in Sources */ = {isa = PBXBuildFile; fileRef = 494C8846221B7E35008B7A60 /* Q528RandomPickWithWeight.m */; };
		494C884B221B8101008B7A60 /* Q56MergeIntervals.m in Sources */ = {isa = PBXBuildFile; fileRef = 494C884A221B8101008B7A60 /* Q56MergeIntervals.m */; };
		494C884E221B8129008B7A60 /* Interval.m in Sources */ = {isa = PBXBuildFile; fileRef = 494C884D221B8129008B7A60 /* Interval.m */; };
		494C8852221B8534008B7A60 /* Q146LRUCache.m in Sources */ = {isa = PBXBuildFile; fileRef = 494C8851221B8534008B7A60 /* Q146LRUCache.m */; };
		497BAF0622277A5300236127 /* Q787CheapestFlightsWithinKStops.m in Sources */ = {isa = PBXBuildFile; fileRef = 497BAF0522277A5300236127 /* Q787CheapestFlightsWithinKStops.m */; };
		498AB1DF2287B6030054F867 /* Q301RemoveInvalidParentheses.m in Sources */ = {isa = PBXBuildFile; fileRef = 498AB1DE2287B6030054F867 /* Q301RemoveInvalidParentheses.m */; };
		49C64C38221B9E5C000B8864 /* Q146LRUCache.h in Sources */ = {isa = PBXBuildFile; fileRef = 494C8850221B8534008B7A60 /* Q146LRUCache.h */; };
		49C64C39221B9E5C000B8864 /* Q146LRUCache.m in Sources */ = {isa = PBXBuildFile; fileRef = 494C8851221B8534008B7A60 /* Q146LRUCache.m */; };
		49C64C3A221B9E62000B8864 /* Q146LRUCache.h in Resources */ = {isa = PBXBuildFile; fileRef = 494C8850221B8534008B7A60 /* Q146LRUCache.h */; };
		49C64C3B221B9E62000B8864 /* Q146LRUCache.m in Resources */ = {isa = PBXBuildFile; fileRef = 494C8851221B8534008B7A60 /* Q146LRUCache.m */; };
		49C64C47221E7651000B8864 /* Q127WordLadder.m in Sources */ = {isa = PBXBuildFile; fileRef = 49C64C46221E7651000B8864 /* Q127WordLadder.m */; };
		49C64C50221E8830000B8864 /* Q139WordBreak.m in Sources */ = {isa = PBXBuildFile; fileRef = 49C64C4F221E8830000B8864 /* Q139WordBreak.m */; };
		49C64C53221E8C6B000B8864 /* Q253MeetingRoomsII.m in Sources */ = {isa = PBXBuildFile; fileRef = 49C64C52221E8C6B000B8864 /* Q253MeetingRoomsII.m */; };
		49C64C94221F7BDA000B8864 /* TreeNode.m in Sources */ = {isa = PBXBuildFile; fileRef = 49C64C93221F7BDA000B8864 /* TreeNode.m */; };
		49C64C99221F7C66000B8864 /* Q236LowestCommonAncestorOfABinaryTree.m in Sources */ = {isa = PBXBuildFile; fileRef = 49C64C98221F7C66000B8864 /* Q236LowestCommonAncestorOfABinaryTree.m */; };
		49C64CA82224DD32000B8864 /* Q755PourWater.m in Sources */ = {isa = PBXBuildFile; fileRef = 49C64CA72224DD32000B8864 /* Q755PourWater.m */; };
		49F05494225D8F2E00AF6AA0 /* Q957PrisonCellsAfterNDays.m in Sources */ = {isa = PBXBuildFile; fileRef = 49F05493225D8F2E00AF6AA0 /* Q957PrisonCellsAfterNDays.m */; };
		49F05497225D913500AF6AA0 /* Q57InsertInterval.m in Sources */ = {isa = PBXBuildFile; fileRef = 49F05496225D913500AF6AA0 /* Q57InsertInterval.m */; };
		49F0549A225D92A600AF6AA0 /* Q252MeetingRooms.m in Sources */ = {isa = PBXBuildFile; fileRef = 49F05499225D92A600AF6AA0 /* Q252MeetingRooms.m */; };
		49F0549D225D93CF00AF6AA0 /* Q406QueueReconstructionByHeight.m in Sources */ = {isa = PBXBuildFile; fileRef = 49F0549C225D93CF00AF6AA0 /* Q406QueueReconstructionByHeight.m */; };
		49F054A3225D95F600AF6AA0 /* Q616AddBoldTagInString.m in Sources */ = {isa = PBXBuildFile; fileRef = 49F054A2225D95F600AF6AA0 /* Q616AddBoldTagInString.m */; };
		49F054A6225DA57200AF6AA0 /* Q763PartitionLabels.m in Sources */ = {isa = PBXBuildFile; fileRef = 49F054A5225DA57200AF6AA0 /* Q763PartitionLabels.m */; };
/* End PBXBuildFile section */

/* Begin PBXContainerItemProxy section */
		49C64C4C221E7DF7000B8864 /* PBXContainerItemProxy */ = {
			isa = PBXContainerItemProxy;
			containerPortal = 494C87BB221B6694008B7A60 /* Project object */;
			proxyType = 1;
			remoteGlobalIDString = 494C87C2221B6694008B7A60;
			remoteInfo = "leetcode-objective-c";
		};
/* End PBXContainerItemProxy section */

/* Begin PBXCopyFilesBuildPhase section */
		494C87C1221B6694008B7A60 /* CopyFiles */ = {
			isa = PBXCopyFilesBuildPhase;
			buildActionMask = 2147483647;
			dstPath = /usr/share/man/man1/;
			dstSubfolderSpec = 0;
			files = (
			);
			runOnlyForDeploymentPostprocessing = 1;
		};
/* End PBXCopyFilesBuildPhase section */

/* Begin PBXFileReference section */
		494C87C3221B6694008B7A60 /* leetcode-objective-c */ = {isa = PBXFileReference; explicitFileType = "compiled.mach-o.executable"; includeInIndex = 0; path = "leetcode-objective-c"; sourceTree = BUILT_PRODUCTS_DIR; };
		494C87C6221B6694008B7A60 /* main.m */ = {isa = PBXFileReference; lastKnownFileType = sourcecode.c.objc; path = main.m; sourceTree = "<group>"; };
		494C87CE221B6771008B7A60 /* Q2AddTwoNumbers.m */ = {isa = PBXFileReference; fileEncoding = 4; lastKnownFileType = sourcecode.c.objc; path = Q2AddTwoNumbers.m; sourceTree = "<group>"; };
		494C87CF221B6771008B7A60 /* Q2AddTwoNumbers.h */ = {isa = PBXFileReference; fileEncoding = 4; lastKnownFileType = sourcecode.c.h; path = Q2AddTwoNumbers.h; sourceTree = "<group>"; };
		494C87D0221B6771008B7A60 /* Q8StringToInteger.m */ = {isa = PBXFileReference; fileEncoding = 4; lastKnownFileType = sourcecode.c.objc; path = Q8StringToInteger.m; sourceTree = "<group>"; };
		494C87D1221B6771008B7A60 /* Q5LongestPalindromicSubstring.m */ = {isa = PBXFileReference; fileEncoding = 4; lastKnownFileType = sourcecode.c.objc; path = Q5LongestPalindromicSubstring.m; sourceTree = "<group>"; };
		494C87D2221B6771008B7A60 /* Q7ReverseInteger.m */ = {isa = PBXFileReference; fileEncoding = 4; lastKnownFileType = sourcecode.c.objc; path = Q7ReverseInteger.m; sourceTree = "<group>"; };
		494C87D3221B6771008B7A60 /* Q1TwoSum.m */ = {isa = PBXFileReference; fileEncoding = 4; lastKnownFileType = sourcecode.c.objc; path = Q1TwoSum.m; sourceTree = "<group>"; };
		494C87D4221B6771008B7A60 /* Q7ReverseInteger.h */ = {isa = PBXFileReference; fileEncoding = 4; lastKnownFileType = sourcecode.c.h; path = Q7ReverseInteger.h; sourceTree = "<group>"; };
		494C87D5221B6771008B7A60 /* Q3LongestSubstringWithoutRepeatingCharacters.m */ = {isa = PBXFileReference; fileEncoding = 4; lastKnownFileType = sourcecode.c.objc; path = Q3LongestSubstringWithoutRepeatingCharacters.m; sourceTree = "<group>"; };
		494C87D6221B6771008B7A60 /* Q9PalindromeNumber.m */ = {isa = PBXFileReference; fileEncoding = 4; lastKnownFileType = sourcecode.c.objc; path = Q9PalindromeNumber.m; sourceTree = "<group>"; };
		494C87D7221B6771008B7A60 /* Q4MedianTwoSortedArrays.h */ = {isa = PBXFileReference; fileEncoding = 4; lastKnownFileType = sourcecode.c.h; path = Q4MedianTwoSortedArrays.h; sourceTree = "<group>"; };
		494C87D8221B6771008B7A60 /* Q9PalindromeNumber.h */ = {isa = PBXFileReference; fileEncoding = 4; lastKnownFileType = sourcecode.c.h; path = Q9PalindromeNumber.h; sourceTree = "<group>"; };
		494C87D9221B6771008B7A60 /* Q3LongestSubstringWithoutRepeatingCharacters.h */ = {isa = PBXFileReference; fileEncoding = 4; lastKnownFileType = sourcecode.c.h; path = Q3LongestSubstringWithoutRepeatingCharacters.h; sourceTree = "<group>"; };
		494C87DA221B6771008B7A60 /* Q8StringToInteger.h */ = {isa = PBXFileReference; fileEncoding = 4; lastKnownFileType = sourcecode.c.h; path = Q8StringToInteger.h; sourceTree = "<group>"; };
		494C87DB221B6771008B7A60 /* Q6ZigZagConversion.h */ = {isa = PBXFileReference; fileEncoding = 4; lastKnownFileType = sourcecode.c.h; path = Q6ZigZagConversion.h; sourceTree = "<group>"; };
		494C87DC221B6771008B7A60 /* Q6ZigZagConversion.m */ = {isa = PBXFileReference; fileEncoding = 4; lastKnownFileType = sourcecode.c.objc; path = Q6ZigZagConversion.m; sourceTree = "<group>"; };
		494C87DD221B6771008B7A60 /* Q4MedianTwoSortedArrays.m */ = {isa = PBXFileReference; fileEncoding = 4; lastKnownFileType = sourcecode.c.objc; path = Q4MedianTwoSortedArrays.m; sourceTree = "<group>"; };
		494C87DE221B6771008B7A60 /* Q10RegularExpressionMatching.h */ = {isa = PBXFileReference; fileEncoding = 4; lastKnownFileType = sourcecode.c.h; path = Q10RegularExpressionMatching.h; sourceTree = "<group>"; };
		494C87DF221B6771008B7A60 /* Q10RegularExpressionMatching.m */ = {isa = PBXFileReference; fileEncoding = 4; lastKnownFileType = sourcecode.c.objc; path = Q10RegularExpressionMatching.m; sourceTree = "<group>"; };
		494C87E0221B6771008B7A60 /* Q5LongestPalindromicSubstring.h */ = {isa = PBXFileReference; fileEncoding = 4; lastKnownFileType = sourcecode.c.h; path = Q5LongestPalindromicSubstring.h; sourceTree = "<group>"; };
		494C87E1221B6771008B7A60 /* Q1TwoSum.h */ = {isa = PBXFileReference; fileEncoding = 4; lastKnownFileType = sourcecode.c.h; path = Q1TwoSum.h; sourceTree = "<group>"; };
		494C87ED221B679F008B7A60 /* ListNode.m */ = {isa = PBXFileReference; fileEncoding = 4; lastKnownFileType = sourcecode.c.objc; path = ListNode.m; sourceTree = "<group>"; };
		494C87EE221B679F008B7A60 /* ListNode.h */ = {isa = PBXFileReference; fileEncoding = 4; lastKnownFileType = sourcecode.c.h; path = ListNode.h; sourceTree = "<group>"; };
		494C87FB221B6E2D008B7A60 /* Q12IntegerToRoman.h */ = {isa = PBXFileReference; fileEncoding = 4; lastKnownFileType = sourcecode.c.h; path = Q12IntegerToRoman.h; sourceTree = "<group>"; };
		494C87FC221B6E2E008B7A60 /* Q20ValidParentheses.m */ = {isa = PBXFileReference; fileEncoding = 4; lastKnownFileType = sourcecode.c.objc; path = Q20ValidParentheses.m; sourceTree = "<group>"; };
		494C87FD221B6E2E008B7A60 /* Q19RemoveNthNodeFromEndOfList.m */ = {isa = PBXFileReference; fileEncoding = 4; lastKnownFileType = sourcecode.c.objc; path = Q19RemoveNthNodeFromEndOfList.m; sourceTree = "<group>"; };
		494C87FE221B6E2E008B7A60 /* Q11ContainerWithMostWater.h */ = {isa = PBXFileReference; fileEncoding = 4; lastKnownFileType = sourcecode.c.h; path = Q11ContainerWithMostWater.h; sourceTree = "<group>"; };
		494C87FF221B6E2E008B7A60 /* Q18FourSum.m */ = {isa = PBXFileReference; fileEncoding = 4; lastKnownFileType = sourcecode.c.objc; path = Q18FourSum.m; sourceTree = "<group>"; };
		494C8800221B6E2E008B7A60 /* Q14LongestCommonPrefix.m */ = {isa = PBXFileReference; fileEncoding = 4; lastKnownFileType = sourcecode.c.objc; path = Q14LongestCommonPrefix.m; sourceTree = "<group>"; };
		494C8801221B6E2E008B7A60 /* Q15ThreeSum.h */ = {isa = PBXFileReference; fileEncoding = 4; lastKnownFileType = sourcecode.c.h; path = Q15ThreeSum.h; sourceTree = "<group>"; };
		494C8802221B6E2E008B7A60 /* Q15ThreeSum.m */ = {isa = PBXFileReference; fileEncoding = 4; lastKnownFileType = sourcecode.c.objc; path = Q15ThreeSum.m; sourceTree = "<group>"; };
		494C8803221B6E2E008B7A60 /* Q17LetterCombinationsOfAPhoneNumber.m */ = {isa = PBXFileReference; fileEncoding = 4; lastKnownFileType = sourcecode.c.objc; path = Q17LetterCombinationsOfAPhoneNumber.m; sourceTree = "<group>"; };
		494C8804221B6E2F008B7A60 /* Q16ThreeSumClosest.m */ = {isa = PBXFileReference; fileEncoding = 4; lastKnownFileType = sourcecode.c.objc; path = Q16ThreeSumClosest.m; sourceTree = "<group>"; };
		494C8805221B6E2F008B7A60 /* Q13RomanToInteger.h */ = {isa = PBXFileReference; fileEncoding = 4; lastKnownFileType = sourcecode.c.h; path = Q13RomanToInteger.h; sourceTree = "<group>"; };
		494C8806221B6E2F008B7A60 /* Q13RomanToInteger.m */ = {isa = PBXFileReference; fileEncoding = 4; lastKnownFileType = sourcecode.c.objc; path = Q13RomanToInteger.m; sourceTree = "<group>"; };
		494C8807221B6E2F008B7A60 /* Q18FourSum.h */ = {isa = PBXFileReference; fileEncoding = 4; lastKnownFileType = sourcecode.c.h; path = Q18FourSum.h; sourceTree = "<group>"; };
		494C8808221B6E2F008B7A60 /* Q11ContainerWithMostWater.m */ = {isa = PBXFileReference; fileEncoding = 4; lastKnownFileType = sourcecode.c.objc; path = Q11ContainerWithMostWater.m; sourceTree = "<group>"; };
		494C8809221B6E2F008B7A60 /* Q16ThreeSumClosest.h */ = {isa = PBXFileReference; fileEncoding = 4; lastKnownFileType = sourcecode.c.h; path = Q16ThreeSumClosest.h; sourceTree = "<group>"; };
		494C880A221B6E2F008B7A60 /* Q14LongestCommonPrefix.h */ = {isa = PBXFileReference; fileEncoding = 4; lastKnownFileType = sourcecode.c.h; path = Q14LongestCommonPrefix.h; sourceTree = "<group>"; };
		494C880B221B6E2F008B7A60 /* Q12IntegerToRoman.m */ = {isa = PBXFileReference; fileEncoding = 4; lastKnownFileType = sourcecode.c.objc; path = Q12IntegerToRoman.m; sourceTree = "<group>"; };
		494C880C221B6E30008B7A60 /* Q20ValidParentheses.h */ = {isa = PBXFileReference; fileEncoding = 4; lastKnownFileType = sourcecode.c.h; path = Q20ValidParentheses.h; sourceTree = "<group>"; };
		494C880D221B6E30008B7A60 /* Q17LetterCombinationsOfAPhoneNumber.h */ = {isa = PBXFileReference; fileEncoding = 4; lastKnownFileType = sourcecode.c.h; path = Q17LetterCombinationsOfAPhoneNumber.h; sourceTree = "<group>"; };
		494C880E221B6E30008B7A60 /* Q19RemoveNthNodeFromEndOfList.h */ = {isa = PBXFileReference; fileEncoding = 4; lastKnownFileType = sourcecode.c.h; path = Q19RemoveNthNodeFromEndOfList.h; sourceTree = "<group>"; };
		494C881B221B71D3008B7A60 /* Q26RemoveDuplicatesFromSortedArray.h */ = {isa = PBXFileReference; fileEncoding = 4; lastKnownFileType = sourcecode.c.h; path = Q26RemoveDuplicatesFromSortedArray.h; sourceTree = "<group>"; };
		494C881C221B71D3008B7A60 /* Q30SubstringWithConcatenationOfAllWords.h */ = {isa = PBXFileReference; fileEncoding = 4; lastKnownFileType = sourcecode.c.h; path = Q30SubstringWithConcatenationOfAllWords.h; sourceTree = "<group>"; };
		494C881D221B71D3008B7A60 /* Q24SwapNodesInPairs.h */ = {isa = PBXFileReference; fileEncoding = 4; lastKnownFileType = sourcecode.c.h; path = Q24SwapNodesInPairs.h; sourceTree = "<group>"; };
		494C881E221B71D3008B7A60 /* Q26RemoveDuplicatesFromSortedArray.m */ = {isa = PBXFileReference; fileEncoding = 4; lastKnownFileType = sourcecode.c.objc; path = Q26RemoveDuplicatesFromSortedArray.m; sourceTree = "<group>"; };
		494C881F221B71D3008B7A60 /* Q22GenerateParentheses.m */ = {isa = PBXFileReference; fileEncoding = 4; lastKnownFileType = sourcecode.c.objc; path = Q22GenerateParentheses.m; sourceTree = "<group>"; };
		494C8820221B71D4008B7A60 /* Q29DivideTwoIntegers.h */ = {isa = PBXFileReference; fileEncoding = 4; lastKnownFileType = sourcecode.c.h; path = Q29DivideTwoIntegers.h; sourceTree = "<group>"; };
		494C8821221B71D4008B7A60 /* Q21MergeTwoSortedLists.m */ = {isa = PBXFileReference; fileEncoding = 4; lastKnownFileType = sourcecode.c.objc; path = Q21MergeTwoSortedLists.m; sourceTree = "<group>"; };
		494C8822221B71D4008B7A60 /* Q21MergeTwoSortedLists.h */ = {isa = PBXFileReference; fileEncoding = 4; lastKnownFileType = sourcecode.c.h; path = Q21MergeTwoSortedLists.h; sourceTree = "<group>"; };
		494C8823221B71D4008B7A60 /* Q29DivideTwoIntegers.m */ = {isa = PBXFileReference; fileEncoding = 4; lastKnownFileType = sourcecode.c.objc; path = Q29DivideTwoIntegers.m; sourceTree = "<group>"; };
		494C8824221B71D4008B7A60 /* Q27RemoveElement.h */ = {isa = PBXFileReference; fileEncoding = 4; lastKnownFileType = sourcecode.c.h; path = Q27RemoveElement.h; sourceTree = "<group>"; };
		494C8825221B71D4008B7A60 /* Q25ReverseNodesInKGGroup.h */ = {isa = PBXFileReference; fileEncoding = 4; lastKnownFileType = sourcecode.c.h; path = Q25ReverseNodesInKGGroup.h; sourceTree = "<group>"; };
		494C8826221B71D4008B7A60 /* Q24SwapNodesInPairs.m */ = {isa = PBXFileReference; fileEncoding = 4; lastKnownFileType = sourcecode.c.objc; path = Q24SwapNodesInPairs.m; sourceTree = "<group>"; };
		494C8827221B71D4008B7A60 /* Q22GenerateParentheses.h */ = {isa = PBXFileReference; fileEncoding = 4; lastKnownFileType = sourcecode.c.h; path = Q22GenerateParentheses.h; sourceTree = "<group>"; };
		494C8828221B71D4008B7A60 /* Q28ImplementStrStr.m */ = {isa = PBXFileReference; fileEncoding = 4; lastKnownFileType = sourcecode.c.objc; path = Q28ImplementStrStr.m; sourceTree = "<group>"; };
		494C8829221B71D4008B7A60 /* Q30SubstringWithConcatenationOfAllWords.m */ = {isa = PBXFileReference; fileEncoding = 4; lastKnownFileType = sourcecode.c.objc; path = Q30SubstringWithConcatenationOfAllWords.m; sourceTree = "<group>"; };
		494C882A221B71D5008B7A60 /* Q27RemoveElement.m */ = {isa = PBXFileReference; fileEncoding = 4; lastKnownFileType = sourcecode.c.objc; path = Q27RemoveElement.m; sourceTree = "<group>"; };
		494C882B221B71D5008B7A60 /* Q28ImplementStrStr.h */ = {isa = PBXFileReference; fileEncoding = 4; lastKnownFileType = sourcecode.c.h; path = Q28ImplementStrStr.h; sourceTree = "<group>"; };
		494C882C221B71D5008B7A60 /* Q25ReverseNodesInKGGroup.m */ = {isa = PBXFileReference; fileEncoding = 4; lastKnownFileType = sourcecode.c.objc; path = Q25ReverseNodesInKGGroup.m; sourceTree = "<group>"; };
		494C882D221B71D5008B7A60 /* Q23MergeKSortedLists.h */ = {isa = PBXFileReference; fileEncoding = 4; lastKnownFileType = sourcecode.c.h; path = Q23MergeKSortedLists.h; sourceTree = "<group>"; };
		494C882E221B71D5008B7A60 /* Q23MergeKSortedLists.m */ = {isa = PBXFileReference; fileEncoding = 4; lastKnownFileType = sourcecode.c.objc; path = Q23MergeKSortedLists.m; sourceTree = "<group>"; };
		494C883D221B78CD008B7A60 /* Q35SearchInsertPosition.h */ = {isa = PBXFileReference; fileEncoding = 4; lastKnownFileType = sourcecode.c.h; path = Q35SearchInsertPosition.h; sourceTree = "<group>"; };
		494C883E221B78CD008B7A60 /* Q33SearchInRotatedSortedArray.m */ = {isa = PBXFileReference; fileEncoding = 4; lastKnownFileType = sourcecode.c.objc; path = Q33SearchInRotatedSortedArray.m; sourceTree = "<group>"; };
		494C883F221B78CD008B7A60 /* Q33SearchInRotatedSortedArray.h */ = {isa = PBXFileReference; fileEncoding = 4; lastKnownFileType = sourcecode.c.h; path = Q33SearchInRotatedSortedArray.h; sourceTree = "<group>"; };
		494C8840221B78CD008B7A60 /* Q35SearchInsertPosition.m */ = {isa = PBXFileReference; fileEncoding = 4; lastKnownFileType = sourcecode.c.objc; path = Q35SearchInsertPosition.m; sourceTree = "<group>"; };
		494C8845221B7E35008B7A60 /* Q528RandomPickWithWeight.h */ = {isa = PBXFileReference; lastKnownFileType = sourcecode.c.h; path = Q528RandomPickWithWeight.h; sourceTree = "<group>"; };
		494C8846221B7E35008B7A60 /* Q528RandomPickWithWeight.m */ = {isa = PBXFileReference; lastKnownFileType = sourcecode.c.objc; path = Q528RandomPickWithWeight.m; sourceTree = "<group>"; };
		494C8849221B8101008B7A60 /* Q56MergeIntervals.h */ = {isa = PBXFileReference; lastKnownFileType = sourcecode.c.h; path = Q56MergeIntervals.h; sourceTree = "<group>"; };
		494C884A221B8101008B7A60 /* Q56MergeIntervals.m */ = {isa = PBXFileReference; lastKnownFileType = sourcecode.c.objc; path = Q56MergeIntervals.m; sourceTree = "<group>"; };
		494C884C221B8129008B7A60 /* Interval.h */ = {isa = PBXFileReference; lastKnownFileType = sourcecode.c.h; path = Interval.h; sourceTree = "<group>"; };
		494C884D221B8129008B7A60 /* Interval.m */ = {isa = PBXFileReference; lastKnownFileType = sourcecode.c.objc; path = Interval.m; sourceTree = "<group>"; };
		494C8850221B8534008B7A60 /* Q146LRUCache.h */ = {isa = PBXFileReference; lastKnownFileType = sourcecode.c.h; path = Q146LRUCache.h; sourceTree = "<group>"; };
		494C8851221B8534008B7A60 /* Q146LRUCache.m */ = {isa = PBXFileReference; lastKnownFileType = sourcecode.c.objc; path = Q146LRUCache.m; sourceTree = "<group>"; };
		497BAF0422277A5300236127 /* Q787CheapestFlightsWithinKStops.h */ = {isa = PBXFileReference; lastKnownFileType = sourcecode.c.h; path = Q787CheapestFlightsWithinKStops.h; sourceTree = "<group>"; };
		497BAF0522277A5300236127 /* Q787CheapestFlightsWithinKStops.m */ = {isa = PBXFileReference; lastKnownFileType = sourcecode.c.objc; path = Q787CheapestFlightsWithinKStops.m; sourceTree = "<group>"; };
		498AB1DD2287B6030054F867 /* Q301RemoveInvalidParentheses.h */ = {isa = PBXFileReference; lastKnownFileType = sourcecode.c.h; path = Q301RemoveInvalidParentheses.h; sourceTree = "<group>"; };
		498AB1DE2287B6030054F867 /* Q301RemoveInvalidParentheses.m */ = {isa = PBXFileReference; lastKnownFileType = sourcecode.c.objc; path = Q301RemoveInvalidParentheses.m; sourceTree = "<group>"; };
		49C64C2D221B9AB8000B8864 /* LeecodeObjectiveCTests.xctest */ = {isa = PBXFileReference; explicitFileType = wrapper.cfbundle; includeInIndex = 0; path = LeecodeObjectiveCTests.xctest; sourceTree = BUILT_PRODUCTS_DIR; };
		49C64C45221E7651000B8864 /* Q127WordLadder.h */ = {isa = PBXFileReference; lastKnownFileType = sourcecode.c.h; path = Q127WordLadder.h; sourceTree = "<group>"; };
		49C64C46221E7651000B8864 /* Q127WordLadder.m */ = {isa = PBXFileReference; lastKnownFileType = sourcecode.c.objc; path = Q127WordLadder.m; sourceTree = "<group>"; };
		49C64C4E221E8830000B8864 /* Q139WordBreak.h */ = {isa = PBXFileReference; lastKnownFileType = sourcecode.c.h; path = Q139WordBreak.h; sourceTree = "<group>"; };
		49C64C4F221E8830000B8864 /* Q139WordBreak.m */ = {isa = PBXFileReference; lastKnownFileType = sourcecode.c.objc; path = Q139WordBreak.m; sourceTree = "<group>"; };
		49C64C51221E8C6B000B8864 /* Q253MeetingRoomsII.h */ = {isa = PBXFileReference; lastKnownFileType = sourcecode.c.h; path = Q253MeetingRoomsII.h; sourceTree = "<group>"; };
		49C64C52221E8C6B000B8864 /* Q253MeetingRoomsII.m */ = {isa = PBXFileReference; lastKnownFileType = sourcecode.c.objc; path = Q253MeetingRoomsII.m; sourceTree = "<group>"; };
		49C64C92221F7BDA000B8864 /* TreeNode.h */ = {isa = PBXFileReference; lastKnownFileType = sourcecode.c.h; path = TreeNode.h; sourceTree = "<group>"; };
		49C64C93221F7BDA000B8864 /* TreeNode.m */ = {isa = PBXFileReference; lastKnownFileType = sourcecode.c.objc; path = TreeNode.m; sourceTree = "<group>"; };
		49C64C97221F7C66000B8864 /* Q236LowestCommonAncestorOfABinaryTree.h */ = {isa = PBXFileReference; lastKnownFileType = sourcecode.c.h; path = Q236LowestCommonAncestorOfABinaryTree.h; sourceTree = "<group>"; };
		49C64C98221F7C66000B8864 /* Q236LowestCommonAncestorOfABinaryTree.m */ = {isa = PBXFileReference; lastKnownFileType = sourcecode.c.objc; path = Q236LowestCommonAncestorOfABinaryTree.m; sourceTree = "<group>"; };
		49C64CA62224DD32000B8864 /* Q755PourWater.h */ = {isa = PBXFileReference; lastKnownFileType = sourcecode.c.h; path = Q755PourWater.h; sourceTree = "<group>"; };
		49C64CA72224DD32000B8864 /* Q755PourWater.m */ = {isa = PBXFileReference; lastKnownFileType = sourcecode.c.objc; path = Q755PourWater.m; sourceTree = "<group>"; };
		49F05492225D8F2E00AF6AA0 /* Q957PrisonCellsAfterNDays.h */ = {isa = PBXFileReference; lastKnownFileType = sourcecode.c.h; path = Q957PrisonCellsAfterNDays.h; sourceTree = "<group>"; };
		49F05493225D8F2E00AF6AA0 /* Q957PrisonCellsAfterNDays.m */ = {isa = PBXFileReference; lastKnownFileType = sourcecode.c.objc; path = Q957PrisonCellsAfterNDays.m; sourceTree = "<group>"; };
		49F05495225D913500AF6AA0 /* Q57InsertInterval.h */ = {isa = PBXFileReference; lastKnownFileType = sourcecode.c.h; path = Q57InsertInterval.h; sourceTree = "<group>"; };
		49F05496225D913500AF6AA0 /* Q57InsertInterval.m */ = {isa = PBXFileReference; lastKnownFileType = sourcecode.c.objc; path = Q57InsertInterval.m; sourceTree = "<group>"; };
		49F05498225D92A600AF6AA0 /* Q252MeetingRooms.h */ = {isa = PBXFileReference; lastKnownFileType = sourcecode.c.h; path = Q252MeetingRooms.h; sourceTree = "<group>"; };
		49F05499225D92A600AF6AA0 /* Q252MeetingRooms.m */ = {isa = PBXFileReference; lastKnownFileType = sourcecode.c.objc; path = Q252MeetingRooms.m; sourceTree = "<group>"; };
		49F0549B225D93CF00AF6AA0 /* Q406QueueReconstructionByHeight.h */ = {isa = PBXFileReference; lastKnownFileType = sourcecode.c.h; path = Q406QueueReconstructionByHeight.h; sourceTree = "<group>"; };
		49F0549C225D93CF00AF6AA0 /* Q406QueueReconstructionByHeight.m */ = {isa = PBXFileReference; lastKnownFileType = sourcecode.c.objc; path = Q406QueueReconstructionByHeight.m; sourceTree = "<group>"; };
		49F054A1225D95F600AF6AA0 /* Q616AddBoldTagInString.h */ = {isa = PBXFileReference; lastKnownFileType = sourcecode.c.h; path = Q616AddBoldTagInString.h; sourceTree = "<group>"; };
		49F054A2225D95F600AF6AA0 /* Q616AddBoldTagInString.m */ = {isa = PBXFileReference; lastKnownFileType = sourcecode.c.objc; path = Q616AddBoldTagInString.m; sourceTree = "<group>"; };
		49F054A4225DA57200AF6AA0 /* Q763PartitionLabels.h */ = {isa = PBXFileReference; lastKnownFileType = sourcecode.c.h; path = Q763PartitionLabels.h; sourceTree = "<group>"; };
		49F054A5225DA57200AF6AA0 /* Q763PartitionLabels.m */ = {isa = PBXFileReference; lastKnownFileType = sourcecode.c.objc; path = Q763PartitionLabels.m; sourceTree = "<group>"; };
/* End PBXFileReference section */

/* Begin PBXFrameworksBuildPhase section */
		494C87C0221B6694008B7A60 /* Frameworks */ = {
			isa = PBXFrameworksBuildPhase;
			buildActionMask = 2147483647;
			files = (
			);
			runOnlyForDeploymentPostprocessing = 0;
		};
		49C64C2A221B9AB8000B8864 /* Frameworks */ = {
			isa = PBXFrameworksBuildPhase;
			buildActionMask = 2147483647;
			files = (
			);
			runOnlyForDeploymentPostprocessing = 0;
		};
/* End PBXFrameworksBuildPhase section */

/* Begin PBXGroup section */
		494C87BA221B6694008B7A60 = {
			isa = PBXGroup;
			children = (
				494C87C5221B6694008B7A60 /* leetcode-objective-c */,
				494C87C4221B6694008B7A60 /* Products */,
			);
			sourceTree = "<group>";
		};
		494C87C4221B6694008B7A60 /* Products */ = {
			isa = PBXGroup;
			children = (
				494C87C3221B6694008B7A60 /* leetcode-objective-c */,
				49C64C2D221B9AB8000B8864 /* LeecodeObjectiveCTests.xctest */,
			);
			name = Products;
			sourceTree = "<group>";
		};
		494C87C5221B6694008B7A60 /* leetcode-objective-c */ = {
			isa = PBXGroup;
			children = (
				494C87F0221B684E008B7A60 /* array */,
				494C8843221B78FB008B7A60 /* binary_search */,
				49C64C44221E7637000B8864 /* breath_first_search */,
				494C8839221B724A008B7A60 /* bit_operation */,
				494C884F221B849C008B7A60 /* data_structure */,
				494C881A221B7023008B7A60 /* depth_first_search */,
				494C87F6221B6AC4008B7A60 /* dp */,
				494C87F1221B6905008B7A60 /* linkedlist */,
				494C87F9221B6B3A008B7A60 /* math */,
				494C87F3221B697E008B7A60 /* recursion */,
				494C87F2221B6913008B7A60 /* string */,
				49C64C95221F7C37000B8864 /* tree */,
				494C87EC221B678D008B7A60 /* public_class */,
				494C87C6221B6694008B7A60 /* main.m */,
			);
			path = "leetcode-objective-c";
			sourceTree = "<group>";
		};
		494C87EC221B678D008B7A60 /* public_class */ = {
			isa = PBXGroup;
			children = (
				494C87EE221B679F008B7A60 /* ListNode.h */,
				494C87ED221B679F008B7A60 /* ListNode.m */,
				494C884C221B8129008B7A60 /* Interval.h */,
				494C884D221B8129008B7A60 /* Interval.m */,
				49C64C92221F7BDA000B8864 /* TreeNode.h */,
				49C64C93221F7BDA000B8864 /* TreeNode.m */,
			);
			path = public_class;
			sourceTree = "<group>";
		};
		494C87F0221B684E008B7A60 /* array */ = {
			isa = PBXGroup;
			children = (
				49F05491225D8ED300AF6AA0 /* cycle */,
				494C8848221B80EB008B7A60 /* interval */,
				494C8819221B6F70008B7A60 /* n_sum */,
				49C64CA62224DD32000B8864 /* Q755PourWater.h */,
				49C64CA72224DD32000B8864 /* Q755PourWater.m */,
			);
			path = array;
			sourceTree = "<group>";
		};
		494C87F1221B6905008B7A60 /* linkedlist */ = {
			isa = PBXGroup;
			children = (
				494C883C221B7577008B7A60 /* reverse */,
				494C87CF221B6771008B7A60 /* Q2AddTwoNumbers.h */,
				494C87CE221B6771008B7A60 /* Q2AddTwoNumbers.m */,
				494C880E221B6E30008B7A60 /* Q19RemoveNthNodeFromEndOfList.h */,
				494C87FD221B6E2E008B7A60 /* Q19RemoveNthNodeFromEndOfList.m */,
				494C881B221B71D3008B7A60 /* Q26RemoveDuplicatesFromSortedArray.h */,
				494C881E221B71D3008B7A60 /* Q26RemoveDuplicatesFromSortedArray.m */,
				494C8824221B71D4008B7A60 /* Q27RemoveElement.h */,
				494C882A221B71D5008B7A60 /* Q27RemoveElement.m */,
				494C883B221B7374008B7A60 /* k_merge */,
			);
			path = linkedlist;
			sourceTree = "<group>";
		};
		494C87F2221B6913008B7A60 /* string */ = {
			isa = PBXGroup;
			children = (
				494C880A221B6E2F008B7A60 /* Q14LongestCommonPrefix.h */,
				494C8800221B6E2E008B7A60 /* Q14LongestCommonPrefix.m */,
				494C87DB221B6771008B7A60 /* Q6ZigZagConversion.h */,
				494C87DC221B6771008B7A60 /* Q6ZigZagConversion.m */,
				494C882B221B71D5008B7A60 /* Q28ImplementStrStr.h */,
				494C8828221B71D4008B7A60 /* Q28ImplementStrStr.m */,
				494C87F4221B69FC008B7A60 /* palindrome */,
				494C87F5221B6A05008B7A60 /* sliding_window */,
				494C87FA221B6BCB008B7A60 /* string_integer_convert */,
			);
			path = string;
			sourceTree = "<group>";
		};
		494C87F3221B697E008B7A60 /* recursion */ = {
			isa = PBXGroup;
			children = (
				494C87D7221B6771008B7A60 /* Q4MedianTwoSortedArrays.h */,
				494C87DD221B6771008B7A60 /* Q4MedianTwoSortedArrays.m */,
			);
			path = recursion;
			sourceTree = "<group>";
		};
		494C87F4221B69FC008B7A60 /* palindrome */ = {
			isa = PBXGroup;
			children = (
				494C87E0221B6771008B7A60 /* Q5LongestPalindromicSubstring.h */,
				494C87D1221B6771008B7A60 /* Q5LongestPalindromicSubstring.m */,
				494C87D8221B6771008B7A60 /* Q9PalindromeNumber.h */,
				494C87D6221B6771008B7A60 /* Q9PalindromeNumber.m */,
				494C880C221B6E30008B7A60 /* Q20ValidParentheses.h */,
				494C87FC221B6E2E008B7A60 /* Q20ValidParentheses.m */,
			);
			path = palindrome;
			sourceTree = "<group>";
		};
		494C87F5221B6A05008B7A60 /* sliding_window */ = {
			isa = PBXGroup;
			children = (
				494C87D9221B6771008B7A60 /* Q3LongestSubstringWithoutRepeatingCharacters.h */,
				494C87D5221B6771008B7A60 /* Q3LongestSubstringWithoutRepeatingCharacters.m */,
				494C87FB221B6E2D008B7A60 /* Q12IntegerToRoman.h */,
				494C880B221B6E2F008B7A60 /* Q12IntegerToRoman.m */,
				494C881C221B71D3008B7A60 /* Q30SubstringWithConcatenationOfAllWords.h */,
				494C8829221B71D4008B7A60 /* Q30SubstringWithConcatenationOfAllWords.m */,
			);
			path = sliding_window;
			sourceTree = "<group>";
		};
		494C87F6221B6AC4008B7A60 /* dp */ = {
			isa = PBXGroup;
			children = (
				494C87F7221B6AD2008B7A60 /* one_d_dp */,
				494C87F8221B6ADA008B7A60 /* two_d_dp */,
			);
			path = dp;
			sourceTree = "<group>";
		};
		494C87F7221B6AD2008B7A60 /* one_d_dp */ = {
			isa = PBXGroup;
			children = (
				494C87FE221B6E2E008B7A60 /* Q11ContainerWithMostWater.h */,
				494C8808221B6E2F008B7A60 /* Q11ContainerWithMostWater.m */,
				49C64C4E221E8830000B8864 /* Q139WordBreak.h */,
				49C64C4F221E8830000B8864 /* Q139WordBreak.m */,
			);
			path = one_d_dp;
			sourceTree = "<group>";
		};
		494C87F8221B6ADA008B7A60 /* two_d_dp */ = {
			isa = PBXGroup;
			children = (
				494C87DE221B6771008B7A60 /* Q10RegularExpressionMatching.h */,
				494C87DF221B6771008B7A60 /* Q10RegularExpressionMatching.m */,
			);
			path = two_d_dp;
			sourceTree = "<group>";
		};
		494C87F9221B6B3A008B7A60 /* math */ = {
			isa = PBXGroup;
			children = (
				494C8844221B7E1D008B7A60 /* random */,
				494C87D4221B6771008B7A60 /* Q7ReverseInteger.h */,
				494C87D2221B6771008B7A60 /* Q7ReverseInteger.m */,
			);
			path = math;
			sourceTree = "<group>";
		};
		494C87FA221B6BCB008B7A60 /* string_integer_convert */ = {
			isa = PBXGroup;
			children = (
				494C87DA221B6771008B7A60 /* Q8StringToInteger.h */,
				494C87D0221B6771008B7A60 /* Q8StringToInteger.m */,
				494C8805221B6E2F008B7A60 /* Q13RomanToInteger.h */,
				494C8806221B6E2F008B7A60 /* Q13RomanToInteger.m */,
			);
			path = string_integer_convert;
			sourceTree = "<group>";
		};
		494C8819221B6F70008B7A60 /* n_sum */ = {
			isa = PBXGroup;
			children = (
				494C87E1221B6771008B7A60 /* Q1TwoSum.h */,
				494C87D3221B6771008B7A60 /* Q1TwoSum.m */,
				494C8801221B6E2E008B7A60 /* Q15ThreeSum.h */,
				494C8802221B6E2E008B7A60 /* Q15ThreeSum.m */,
				494C8809221B6E2F008B7A60 /* Q16ThreeSumClosest.h */,
				494C8804221B6E2F008B7A60 /* Q16ThreeSumClosest.m */,
				494C8807221B6E2F008B7A60 /* Q18FourSum.h */,
				494C87FF221B6E2E008B7A60 /* Q18FourSum.m */,
			);
			path = n_sum;
			sourceTree = "<group>";
		};
		494C881A221B7023008B7A60 /* depth_first_search */ = {
			isa = PBXGroup;
			children = (
				494C883A221B7280008B7A60 /* all_subsets */,
				494C880D221B6E30008B7A60 /* Q17LetterCombinationsOfAPhoneNumber.h */,
				494C8803221B6E2E008B7A60 /* Q17LetterCombinationsOfAPhoneNumber.m */,
			);
			path = depth_first_search;
			sourceTree = "<group>";
		};
		494C8839221B724A008B7A60 /* bit_operation */ = {
			isa = PBXGroup;
			children = (
				494C8820221B71D4008B7A60 /* Q29DivideTwoIntegers.h */,
				494C8823221B71D4008B7A60 /* Q29DivideTwoIntegers.m */,
			);
			path = bit_operation;
			sourceTree = "<group>";
		};
		494C883A221B7280008B7A60 /* all_subsets */ = {
			isa = PBXGroup;
			children = (
				494C8827221B71D4008B7A60 /* Q22GenerateParentheses.h */,
				494C881F221B71D3008B7A60 /* Q22GenerateParentheses.m */,
			);
			path = all_subsets;
			sourceTree = "<group>";
		};
		494C883B221B7374008B7A60 /* k_merge */ = {
			isa = PBXGroup;
			children = (
				494C8822221B71D4008B7A60 /* Q21MergeTwoSortedLists.h */,
				494C8821221B71D4008B7A60 /* Q21MergeTwoSortedLists.m */,
				494C882D221B71D5008B7A60 /* Q23MergeKSortedLists.h */,
				494C882E221B71D5008B7A60 /* Q23MergeKSortedLists.m */,
			);
			path = k_merge;
			sourceTree = "<group>";
		};
		494C883C221B7577008B7A60 /* reverse */ = {
			isa = PBXGroup;
			children = (
				494C881D221B71D3008B7A60 /* Q24SwapNodesInPairs.h */,
				494C8826221B71D4008B7A60 /* Q24SwapNodesInPairs.m */,
				494C8825221B71D4008B7A60 /* Q25ReverseNodesInKGGroup.h */,
				494C882C221B71D5008B7A60 /* Q25ReverseNodesInKGGroup.m */,
			);
			path = reverse;
			sourceTree = "<group>";
		};
		494C8843221B78FB008B7A60 /* binary_search */ = {
			isa = PBXGroup;
			children = (
				494C883F221B78CD008B7A60 /* Q33SearchInRotatedSortedArray.h */,
				494C883E221B78CD008B7A60 /* Q33SearchInRotatedSortedArray.m */,
				494C883D221B78CD008B7A60 /* Q35SearchInsertPosition.h */,
				494C8840221B78CD008B7A60 /* Q35SearchInsertPosition.m */,
			);
			path = binary_search;
			sourceTree = "<group>";
		};
		494C8844221B7E1D008B7A60 /* random */ = {
			isa = PBXGroup;
			children = (
				494C8845221B7E35008B7A60 /* Q528RandomPickWithWeight.h */,
				494C8846221B7E35008B7A60 /* Q528RandomPickWithWeight.m */,
			);
			path = random;
			sourceTree = "<group>";
		};
		494C8848221B80EB008B7A60 /* interval */ = {
			isa = PBXGroup;
			children = (
				494C8849221B8101008B7A60 /* Q56MergeIntervals.h */,
				494C884A221B8101008B7A60 /* Q56MergeIntervals.m */,
				49F05495225D913500AF6AA0 /* Q57InsertInterval.h */,
				49F05496225D913500AF6AA0 /* Q57InsertInterval.m */,
				49F05498225D92A600AF6AA0 /* Q252MeetingRooms.h */,
				49F05499225D92A600AF6AA0 /* Q252MeetingRooms.m */,
				49C64C51221E8C6B000B8864 /* Q253MeetingRoomsII.h */,
				49C64C52221E8C6B000B8864 /* Q253MeetingRoomsII.m */,
				49F0549B225D93CF00AF6AA0 /* Q406QueueReconstructionByHeight.h */,
				49F0549C225D93CF00AF6AA0 /* Q406QueueReconstructionByHeight.m */,
				49F054A1225D95F600AF6AA0 /* Q616AddBoldTagInString.h */,
				49F054A2225D95F600AF6AA0 /* Q616AddBoldTagInString.m */,
				49F054A4225DA57200AF6AA0 /* Q763PartitionLabels.h */,
				49F054A5225DA57200AF6AA0 /* Q763PartitionLabels.m */,
			);
			path = interval;
			sourceTree = "<group>";
		};
		494C884F221B849C008B7A60 /* data_structure */ = {
			isa = PBXGroup;
			children = (
				494C8850221B8534008B7A60 /* Q146LRUCache.h */,
				494C8851221B8534008B7A60 /* Q146LRUCache.m */,
			);
			path = data_structure;
			sourceTree = "<group>";
		};
		49C64C44221E7637000B8864 /* breath_first_search */ = {
			isa = PBXGroup;
			children = (
				49E17924222847100011AD9B /* topological_sort */,
				49C64C45221E7651000B8864 /* Q127WordLadder.h */,
				49C64C46221E7651000B8864 /* Q127WordLadder.m */,
				498AB1DD2287B6030054F867 /* Q301RemoveInvalidParentheses.h */,
				498AB1DE2287B6030054F867 /* Q301RemoveInvalidParentheses.m */,
				497BAF0422277A5300236127 /* Q787CheapestFlightsWithinKStops.h */,
				497BAF0522277A5300236127 /* Q787CheapestFlightsWithinKStops.m */,
			);
			path = breath_first_search;
			sourceTree = "<group>";
		};
		49C64C95221F7C37000B8864 /* tree */ = {
			isa = PBXGroup;
			children = (
				49C64C96221F7C49000B8864 /* post_order */,
			);
			path = tree;
			sourceTree = "<group>";
		};
		49C64C96221F7C49000B8864 /* post_order */ = {
			isa = PBXGroup;
			children = (
				49C64C97221F7C66000B8864 /* Q236LowestCommonAncestorOfABinaryTree.h */,
				49C64C98221F7C66000B8864 /* Q236LowestCommonAncestorOfABinaryTree.m */,
			);
			path = post_order;
			sourceTree = "<group>";
		};
		49E17924222847100011AD9B /* topological_sort */ = {
			isa = PBXGroup;
			children = (
			);
			path = topological_sort;
			sourceTree = "<group>";
		};
		49F05491225D8ED300AF6AA0 /* cycle */ = {
			isa = PBXGroup;
			children = (
				49F05492225D8F2E00AF6AA0 /* Q957PrisonCellsAfterNDays.h */,
				49F05493225D8F2E00AF6AA0 /* Q957PrisonCellsAfterNDays.m */,
			);
			path = cycle;
			sourceTree = "<group>";
		};
/* End PBXGroup section */

/* Begin PBXNativeTarget section */
		494C87C2221B6694008B7A60 /* leetcode-objective-c */ = {
			isa = PBXNativeTarget;
			buildConfigurationList = 494C87CA221B6694008B7A60 /* Build configuration list for PBXNativeTarget "leetcode-objective-c" */;
			buildPhases = (
				494C87BF221B6694008B7A60 /* Sources */,
				494C87C0221B6694008B7A60 /* Frameworks */,
				494C87C1221B6694008B7A60 /* CopyFiles */,
			);
			buildRules = (
			);
			dependencies = (
			);
			name = "leetcode-objective-c";
			productName = "leetcode-objective-c";
			productReference = 494C87C3221B6694008B7A60 /* leetcode-objective-c */;
			productType = "com.apple.product-type.tool";
		};
		49C64C2C221B9AB8000B8864 /* LeecodeObjectiveCTests */ = {
			isa = PBXNativeTarget;
			buildConfigurationList = 49C64C34221B9AB8000B8864 /* Build configuration list for PBXNativeTarget "LeecodeObjectiveCTests" */;
			buildPhases = (
				49C64C29221B9AB8000B8864 /* Sources */,
				49C64C2A221B9AB8000B8864 /* Frameworks */,
				49C64C2B221B9AB8000B8864 /* Resources */,
			);
			buildRules = (
			);
			dependencies = (
				49C64C4D221E7DF7000B8864 /* PBXTargetDependency */,
			);
			name = LeecodeObjectiveCTests;
			productName = LeecodeObjectiveCTests;
			productReference = 49C64C2D221B9AB8000B8864 /* LeecodeObjectiveCTests.xctest */;
			productType = "com.apple.product-type.bundle.unit-test";
		};
/* End PBXNativeTarget section */

/* Begin PBXProject section */
		494C87BB221B6694008B7A60 /* Project object */ = {
			isa = PBXProject;
			attributes = {
				LastUpgradeCheck = 1010;
				ORGANIZATIONNAME = com.cj;
				TargetAttributes = {
					494C87C2221B6694008B7A60 = {
						CreatedOnToolsVersion = 10.1;
					};
					49C64C2C221B9AB8000B8864 = {
						CreatedOnToolsVersion = 10.1;
					};
				};
			};
			buildConfigurationList = 494C87BE221B6694008B7A60 /* Build configuration list for PBXProject "leetcode-objective-c" */;
			compatibilityVersion = "Xcode 9.3";
			developmentRegion = en;
			hasScannedForEncodings = 0;
			knownRegions = (
				en,
			);
			mainGroup = 494C87BA221B6694008B7A60;
			productRefGroup = 494C87C4221B6694008B7A60 /* Products */;
			projectDirPath = "";
			projectRoot = "";
			targets = (
				494C87C2221B6694008B7A60 /* leetcode-objective-c */,
				49C64C2C221B9AB8000B8864 /* LeecodeObjectiveCTests */,
			);
		};
/* End PBXProject section */

/* Begin PBXResourcesBuildPhase section */
		49C64C2B221B9AB8000B8864 /* Resources */ = {
			isa = PBXResourcesBuildPhase;
			buildActionMask = 2147483647;
			files = (
				49C64C3A221B9E62000B8864 /* Q146LRUCache.h in Resources */,
				49C64C3B221B9E62000B8864 /* Q146LRUCache.m in Resources */,
			);
			runOnlyForDeploymentPostprocessing = 0;
		};
/* End PBXResourcesBuildPhase section */

/* Begin PBXSourcesBuildPhase section */
		494C87BF221B6694008B7A60 /* Sources */ = {
			isa = PBXSourcesBuildPhase;
			buildActionMask = 2147483647;
			files = (
				494C87E6221B6771008B7A60 /* Q1TwoSum.m in Sources */,
				49C64CA82224DD32000B8864 /* Q755PourWater.m in Sources */,
				494C8815221B6E30008B7A60 /* Q16ThreeSumClosest.m in Sources */,
				49F05497225D913500AF6AA0 /* Q57InsertInterval.m in Sources */,
				494C8810221B6E30008B7A60 /* Q19RemoveNthNodeFromEndOfList.m in Sources */,
				498AB1DF2287B6030054F867 /* Q301RemoveInvalidParentheses.m in Sources */,
				494C882F221B71D5008B7A60 /* Q26RemoveDuplicatesFromSortedArray.m in Sources */,
				494C8817221B6E30008B7A60 /* Q11ContainerWithMostWater.m in Sources */,
				494C87E8221B6771008B7A60 /* Q9PalindromeNumber.m in Sources */,
				494C8812221B6E30008B7A60 /* Q14LongestCommonPrefix.m in Sources */,
				49F054A3225D95F600AF6AA0 /* Q616AddBoldTagInString.m in Sources */,
				494C87C7221B6694008B7A60 /* main.m in Sources */,
				494C8852221B8534008B7A60 /* Q146LRUCache.m in Sources */,
				494C8837221B71D5008B7A60 /* Q25ReverseNodesInKGGroup.m in Sources */,
				494C8838221B71D5008B7A60 /* Q23MergeKSortedLists.m in Sources */,
				494C8811221B6E30008B7A60 /* Q18FourSum.m in Sources */,
				49F054A6225DA57200AF6AA0 /* Q763PartitionLabels.m in Sources */,
				49F0549D225D93CF00AF6AA0 /* Q406QueueReconstructionByHeight.m in Sources */,
				494C87E2221B6771008B7A60 /* Q2AddTwoNumbers.m in Sources */,
				49C64C99221F7C66000B8864 /* Q236LowestCommonAncestorOfABinaryTree.m in Sources */,
				49F0549A225D92A600AF6AA0 /* Q252MeetingRooms.m in Sources */,
				494C87E3221B6771008B7A60 /* Q8StringToInteger.m in Sources */,
				49C64C47221E7651000B8864 /* Q127WordLadder.m in Sources */,
				49F05494225D8F2E00AF6AA0 /* Q957PrisonCellsAfterNDays.m in Sources */,
				494C8816221B6E30008B7A60 /* Q13RomanToInteger.m in Sources */,
				494C884B221B8101008B7A60 /* Q56MergeIntervals.m in Sources */,
				494C8836221B71D5008B7A60 /* Q27RemoveElement.m in Sources */,
				494C8835221B71D5008B7A60 /* Q30SubstringWithConcatenationOfAllWords.m in Sources */,
				494C8818221B6E30008B7A60 /* Q12IntegerToRoman.m in Sources */,
				494C8847221B7E35008B7A60 /* Q528RandomPickWithWeight.m in Sources */,
				494C87E4221B6771008B7A60 /* Q5LongestPalindromicSubstring.m in Sources */,
				494C87E9221B6771008B7A60 /* Q6ZigZagConversion.m in Sources */,
				494C8814221B6E30008B7A60 /* Q17LetterCombinationsOfAPhoneNumber.m in Sources */,
				494C8813221B6E30008B7A60 /* Q15ThreeSum.m in Sources */,
				494C884E221B8129008B7A60 /* Interval.m in Sources */,
				494C8834221B71D5008B7A60 /* Q28ImplementStrStr.m in Sources */,
				494C87EF221B679F008B7A60 /* ListNode.m in Sources */,
				494C8842221B78CD008B7A60 /* Q35SearchInsertPosition.m in Sources */,
				494C8832221B71D5008B7A60 /* Q29DivideTwoIntegers.m in Sources */,
				494C87E7221B6771008B7A60 /* Q3LongestSubstringWithoutRepeatingCharacters.m in Sources */,
				494C8841221B78CD008B7A60 /* Q33SearchInRotatedSortedArray.m in Sources */,
				494C87E5221B6771008B7A60 /* Q7ReverseInteger.m in Sources */,
				49C64C50221E8830000B8864 /* Q139WordBreak.m in Sources */,
				494C8833221B71D5008B7A60 /* Q24SwapNodesInPairs.m in Sources */,
				49C64C94221F7BDA000B8864 /* TreeNode.m in Sources */,
				494C880F221B6E30008B7A60 /* Q20ValidParentheses.m in Sources */,
				494C8830221B71D5008B7A60 /* Q22GenerateParentheses.m in Sources */,
				49C64C53221E8C6B000B8864 /* Q253MeetingRoomsII.m in Sources */,
				497BAF0622277A5300236127 /* Q787CheapestFlightsWithinKStops.m in Sources */,
				494C8831221B71D5008B7A60 /* Q21MergeTwoSortedLists.m in Sources */,
				494C87EB221B6771008B7A60 /* Q10RegularExpressionMatching.m in Sources */,
				494C87EA221B6771008B7A60 /* Q4MedianTwoSortedArrays.m in Sources */,
			);
			runOnlyForDeploymentPostprocessing = 0;
		};
		49C64C29221B9AB8000B8864 /* Sources */ = {
			isa = PBXSourcesBuildPhase;
			buildActionMask = 2147483647;
			files = (
				49C64C38221B9E5C000B8864 /* Q146LRUCache.h in Sources */,
				49C64C39221B9E5C000B8864 /* Q146LRUCache.m in Sources */,
			);
			runOnlyForDeploymentPostprocessing = 0;
		};
/* End PBXSourcesBuildPhase section */

/* Begin PBXTargetDependency section */
		49C64C4D221E7DF7000B8864 /* PBXTargetDependency */ = {
			isa = PBXTargetDependency;
			target = 494C87C2221B6694008B7A60 /* leetcode-objective-c */;
			targetProxy = 49C64C4C221E7DF7000B8864 /* PBXContainerItemProxy */;
		};
/* End PBXTargetDependency section */

/* Begin XCBuildConfiguration section */
		494C87C8221B6694008B7A60 /* Debug */ = {
			isa = XCBuildConfiguration;
			buildSettings = {
				ALWAYS_SEARCH_USER_PATHS = NO;
				CLANG_ANALYZER_NONNULL = YES;
				CLANG_ANALYZER_NUMBER_OBJECT_CONVERSION = YES_AGGRESSIVE;
				CLANG_CXX_LANGUAGE_STANDARD = "gnu++14";
				CLANG_CXX_LIBRARY = "libc++";
				CLANG_ENABLE_MODULES = YES;
				CLANG_ENABLE_OBJC_ARC = YES;
				CLANG_ENABLE_OBJC_WEAK = YES;
				CLANG_WARN_BLOCK_CAPTURE_AUTORELEASING = YES;
				CLANG_WARN_BOOL_CONVERSION = YES;
				CLANG_WARN_COMMA = YES;
				CLANG_WARN_CONSTANT_CONVERSION = YES;
				CLANG_WARN_DEPRECATED_OBJC_IMPLEMENTATIONS = YES;
				CLANG_WARN_DIRECT_OBJC_ISA_USAGE = YES_ERROR;
				CLANG_WARN_DOCUMENTATION_COMMENTS = YES;
				CLANG_WARN_EMPTY_BODY = YES;
				CLANG_WARN_ENUM_CONVERSION = YES;
				CLANG_WARN_INFINITE_RECURSION = YES;
				CLANG_WARN_INT_CONVERSION = YES;
				CLANG_WARN_NON_LITERAL_NULL_CONVERSION = YES;
				CLANG_WARN_OBJC_IMPLICIT_RETAIN_SELF = YES;
				CLANG_WARN_OBJC_LITERAL_CONVERSION = YES;
				CLANG_WARN_OBJC_ROOT_CLASS = YES_ERROR;
				CLANG_WARN_RANGE_LOOP_ANALYSIS = YES;
				CLANG_WARN_STRICT_PROTOTYPES = YES;
				CLANG_WARN_SUSPICIOUS_MOVE = YES;
				CLANG_WARN_UNGUARDED_AVAILABILITY = YES_AGGRESSIVE;
				CLANG_WARN_UNREACHABLE_CODE = YES;
				CLANG_WARN__DUPLICATE_METHOD_MATCH = YES;
				CODE_SIGN_IDENTITY = "Mac Developer";
				COPY_PHASE_STRIP = NO;
				DEBUG_INFORMATION_FORMAT = dwarf;
				ENABLE_STRICT_OBJC_MSGSEND = YES;
				ENABLE_TESTABILITY = YES;
				GCC_C_LANGUAGE_STANDARD = gnu11;
				GCC_DYNAMIC_NO_PIC = NO;
				GCC_NO_COMMON_BLOCKS = YES;
				GCC_OPTIMIZATION_LEVEL = 0;
				GCC_PREPROCESSOR_DEFINITIONS = (
					"DEBUG=1",
					"$(inherited)",
				);
				GCC_WARN_64_TO_32_BIT_CONVERSION = YES;
				GCC_WARN_ABOUT_RETURN_TYPE = YES_ERROR;
				GCC_WARN_UNDECLARED_SELECTOR = YES;
				GCC_WARN_UNINITIALIZED_AUTOS = YES_AGGRESSIVE;
				GCC_WARN_UNUSED_FUNCTION = YES;
				GCC_WARN_UNUSED_VARIABLE = YES;
				MACOSX_DEPLOYMENT_TARGET = 10.14;
				MTL_ENABLE_DEBUG_INFO = INCLUDE_SOURCE;
				MTL_FAST_MATH = YES;
				ONLY_ACTIVE_ARCH = YES;
				SDKROOT = macosx;
			};
			name = Debug;
		};
		494C87C9221B6694008B7A60 /* Release */ = {
			isa = XCBuildConfiguration;
			buildSettings = {
				ALWAYS_SEARCH_USER_PATHS = NO;
				CLANG_ANALYZER_NONNULL = YES;
				CLANG_ANALYZER_NUMBER_OBJECT_CONVERSION = YES_AGGRESSIVE;
				CLANG_CXX_LANGUAGE_STANDARD = "gnu++14";
				CLANG_CXX_LIBRARY = "libc++";
				CLANG_ENABLE_MODULES = YES;
				CLANG_ENABLE_OBJC_ARC = YES;
				CLANG_ENABLE_OBJC_WEAK = YES;
				CLANG_WARN_BLOCK_CAPTURE_AUTORELEASING = YES;
				CLANG_WARN_BOOL_CONVERSION = YES;
				CLANG_WARN_COMMA = YES;
				CLANG_WARN_CONSTANT_CONVERSION = YES;
				CLANG_WARN_DEPRECATED_OBJC_IMPLEMENTATIONS = YES;
				CLANG_WARN_DIRECT_OBJC_ISA_USAGE = YES_ERROR;
				CLANG_WARN_DOCUMENTATION_COMMENTS = YES;
				CLANG_WARN_EMPTY_BODY = YES;
				CLANG_WARN_ENUM_CONVERSION = YES;
				CLANG_WARN_INFINITE_RECURSION = YES;
				CLANG_WARN_INT_CONVERSION = YES;
				CLANG_WARN_NON_LITERAL_NULL_CONVERSION = YES;
				CLANG_WARN_OBJC_IMPLICIT_RETAIN_SELF = YES;
				CLANG_WARN_OBJC_LITERAL_CONVERSION = YES;
				CLANG_WARN_OBJC_ROOT_CLASS = YES_ERROR;
				CLANG_WARN_RANGE_LOOP_ANALYSIS = YES;
				CLANG_WARN_STRICT_PROTOTYPES = YES;
				CLANG_WARN_SUSPICIOUS_MOVE = YES;
				CLANG_WARN_UNGUARDED_AVAILABILITY = YES_AGGRESSIVE;
				CLANG_WARN_UNREACHABLE_CODE = YES;
				CLANG_WARN__DUPLICATE_METHOD_MATCH = YES;
				CODE_SIGN_IDENTITY = "Mac Developer";
				COPY_PHASE_STRIP = NO;
				DEBUG_INFORMATION_FORMAT = "dwarf-with-dsym";
				ENABLE_NS_ASSERTIONS = NO;
				ENABLE_STRICT_OBJC_MSGSEND = YES;
				GCC_C_LANGUAGE_STANDARD = gnu11;
				GCC_NO_COMMON_BLOCKS = YES;
				GCC_WARN_64_TO_32_BIT_CONVERSION = YES;
				GCC_WARN_ABOUT_RETURN_TYPE = YES_ERROR;
				GCC_WARN_UNDECLARED_SELECTOR = YES;
				GCC_WARN_UNINITIALIZED_AUTOS = YES_AGGRESSIVE;
				GCC_WARN_UNUSED_FUNCTION = YES;
				GCC_WARN_UNUSED_VARIABLE = YES;
				MACOSX_DEPLOYMENT_TARGET = 10.14;
				MTL_ENABLE_DEBUG_INFO = NO;
				MTL_FAST_MATH = YES;
				SDKROOT = macosx;
			};
			name = Release;
		};
		494C87CB221B6694008B7A60 /* Debug */ = {
			isa = XCBuildConfiguration;
			buildSettings = {
				CODE_SIGN_STYLE = Automatic;
				DEVELOPMENT_TEAM = CJ3RV73778;
				GCC_SYMBOLS_PRIVATE_EXTERN = NO;
				PRODUCT_NAME = "$(TARGET_NAME)";
				TEST_HOST = "$(BUNDLE_LOADER)";
			};
			name = Debug;
		};
		494C87CC221B6694008B7A60 /* Release */ = {
			isa = XCBuildConfiguration;
			buildSettings = {
				CODE_SIGN_STYLE = Automatic;
				DEVELOPMENT_TEAM = CJ3RV73778;
				GCC_SYMBOLS_PRIVATE_EXTERN = NO;
				PRODUCT_NAME = "$(TARGET_NAME)";
				TEST_HOST = "$(BUNDLE_LOADER)";
			};
			name = Release;
		};
		49C64C32221B9AB8000B8864 /* Debug */ = {
			isa = XCBuildConfiguration;
			buildSettings = {
				CODE_SIGN_STYLE = Automatic;
				COMBINE_HIDPI_IMAGES = YES;
				DEVELOPMENT_TEAM = CJ3RV73778;
				INFOPLIST_FILE = LeecodeObjectiveCTests/Info.plist;
				LD_RUNPATH_SEARCH_PATHS = (
					"$(inherited)",
					"@executable_path/../Frameworks",
					"@loader_path/../Frameworks",
				);
				PRODUCT_BUNDLE_IDENTIFIER = com.cj.LeecodeObjectiveCTests;
				PRODUCT_NAME = "$(TARGET_NAME)";
			};
			name = Debug;
		};
		49C64C33221B9AB8000B8864 /* Release */ = {
			isa = XCBuildConfiguration;
			buildSettings = {
				CODE_SIGN_STYLE = Automatic;
				COMBINE_HIDPI_IMAGES = YES;
				DEVELOPMENT_TEAM = CJ3RV73778;
				INFOPLIST_FILE = LeecodeObjectiveCTests/Info.plist;
				LD_RUNPATH_SEARCH_PATHS = (
					"$(inherited)",
					"@executable_path/../Frameworks",
					"@loader_path/../Frameworks",
				);
				PRODUCT_BUNDLE_IDENTIFIER = com.cj.LeecodeObjectiveCTests;
				PRODUCT_NAME = "$(TARGET_NAME)";
			};
			name = Release;
		};
/* End XCBuildConfiguration section */

/* Begin XCConfigurationList section */
		494C87BE221B6694008B7A60 /* Build configuration list for PBXProject "leetcode-objective-c" */ = {
			isa = XCConfigurationList;
			buildConfigurations = (
				494C87C8221B6694008B7A60 /* Debug */,
				494C87C9221B6694008B7A60 /* Release */,
			);
			defaultConfigurationIsVisible = 0;
			defaultConfigurationName = Release;
		};
		494C87CA221B6694008B7A60 /* Build configuration list for PBXNativeTarget "leetcode-objective-c" */ = {
			isa = XCConfigurationList;
			buildConfigurations = (
				494C87CB221B6694008B7A60 /* Debug */,
				494C87CC221B6694008B7A60 /* Release */,
			);
			defaultConfigurationIsVisible = 0;
			defaultConfigurationName = Release;
		};
		49C64C34221B9AB8000B8864 /* Build configuration list for PBXNativeTarget "LeecodeObjectiveCTests" */ = {
			isa = XCConfigurationList;
			buildConfigurations = (
				49C64C32221B9AB8000B8864 /* Debug */,
				49C64C33221B9AB8000B8864 /* Release */,
			);
			defaultConfigurationIsVisible = 0;
			defaultConfigurationName = Release;
		};
/* End XCConfigurationList section */
	};
	rootObject = 494C87BB221B6694008B7A60 /* Project object */;
}
