// !$*UTF8*$!
{
	archiveVersion = 1;
	classes = {
	};
	objectVersion = 46;
	objects = {

/* Begin PBXBuildFile section */
		AF407CEC1CFA7C2B00B6A543 /* Problem31To40.m in Sources */ = {isa = PBXBuildFile; fileRef = AF407CEB1CFA7C2B00B6A543 /* Problem31To40.m */; };
		AF407CF31CFAAE5E00B6A543 /* Problem101To110.m in Sources */ = {isa = PBXBuildFile; fileRef = AF407CF21CFAAE5E00B6A543 /* Problem101To110.m */; };
		AF582FE91CF53469005E4938 /* Problem151To160.m in Sources */ = {isa = PBXBuildFile; fileRef = AF582FE81CF53469005E4938 /* Problem151To160.m */; };
		AF582FEC1CF63771005E4938 /* OtherAlogrithms.m in Sources */ = {isa = PBXBuildFile; fileRef = AF582FEB1CF63771005E4938 /* OtherAlogrithms.m */; };
		AF582FEF1CF6D713005E4938 /* Search.m in Sources */ = {isa = PBXBuildFile; fileRef = AF582FEE1CF6D713005E4938 /* Search.m */; };
		AF582FF31CF6E09E005E4938 /* LinkedList.m in Sources */ = {isa = PBXBuildFile; fileRef = AF582FF21CF6E09E005E4938 /* LinkedList.m */; };
		AF948C941CE85E0D00411B66 /* ListNode.m in Sources */ = {isa = PBXBuildFile; fileRef = AF948C931CE85E0D00411B66 /* ListNode.m */; };
		AFA17A8B1CE707AA0046E395 /* main.m in Sources */ = {isa = PBXBuildFile; fileRef = AFA17A8A1CE707AA0046E395 /* main.m */; };
		AFA17A931CE707BD0046E395 /* Problem1To10.m in Sources */ = {isa = PBXBuildFile; fileRef = AFA17A921CE707BD0046E395 /* Problem1To10.m */; };
		AFA17A971CE707E20046E395 /* Sort.m in Sources */ = {isa = PBXBuildFile; fileRef = AFA17A961CE707E20046E395 /* Sort.m */; };
		AFAEF7511CF7B13900E9C8B4 /* Tree.m in Sources */ = {isa = PBXBuildFile; fileRef = AFAEF7501CF7B13900E9C8B4 /* Tree.m */; };
		AFE32B1C1CFBB1D000D0CEA1 /* Problem21To30.m in Sources */ = {isa = PBXBuildFile; fileRef = AFE32B1B1CFBB1D000D0CEA1 /* Problem21To30.m */; };
		AFE32B211CFBE8D100D0CEA1 /* Problem131To140.m in Sources */ = {isa = PBXBuildFile; fileRef = AFE32B201CFBE8D100D0CEA1 /* Problem131To140.m */; };
		AFE32B271CFC0BA700D0CEA1 /* Problem141To150.m in Sources */ = {isa = PBXBuildFile; fileRef = AFE32B261CFC0BA700D0CEA1 /* Problem141To150.m */; };
		AFE32B311CFCEC3F00D0CEA1 /* Problem121To130.m in Sources */ = {isa = PBXBuildFile; fileRef = AFE32B301CFCEC3F00D0CEA1 /* Problem121To130.m */; };
/* End PBXBuildFile section */

/* Begin PBXCopyFilesBuildPhase section */
		AFA17A851CE707A90046E395 /* CopyFiles */ = {
			isa = PBXCopyFilesBuildPhase;
			buildActionMask = 2147483647;
			dstPath = /usr/share/man/man1/;
			dstSubfolderSpec = 0;
			files = (
			);
			runOnlyForDeploymentPostprocessing = 1;
		};
/* End PBXCopyFilesBuildPhase section */

/* Begin PBXFileReference section */
		AF407CEA1CFA7C2B00B6A543 /* Problem31To40.h */ = {isa = PBXFileReference; fileEncoding = 4; lastKnownFileType = sourcecode.c.h; path = Problem31To40.h; sourceTree = "<group>"; };
		AF407CEB1CFA7C2B00B6A543 /* Problem31To40.m */ = {isa = PBXFileReference; fileEncoding = 4; lastKnownFileType = sourcecode.c.objc; path = Problem31To40.m; sourceTree = "<group>"; };
		AF407CF11CFAAE5E00B6A543 /* Problem101To110.h */ = {isa = PBXFileReference; fileEncoding = 4; lastKnownFileType = sourcecode.c.h; path = Problem101To110.h; sourceTree = "<group>"; };
		AF407CF21CFAAE5E00B6A543 /* Problem101To110.m */ = {isa = PBXFileReference; fileEncoding = 4; lastKnownFileType = sourcecode.c.objc; path = Problem101To110.m; sourceTree = "<group>"; };
		AF582FE71CF53469005E4938 /* Problem151To160.h */ = {isa = PBXFileReference; fileEncoding = 4; lastKnownFileType = sourcecode.c.h; path = Problem151To160.h; sourceTree = "<group>"; };
		AF582FE81CF53469005E4938 /* Problem151To160.m */ = {isa = PBXFileReference; fileEncoding = 4; lastKnownFileType = sourcecode.c.objc; path = Problem151To160.m; sourceTree = "<group>"; };
		AF582FEA1CF63771005E4938 /* OtherAlogrithms.h */ = {isa = PBXFileReference; fileEncoding = 4; lastKnownFileType = sourcecode.c.h; path = OtherAlogrithms.h; sourceTree = "<group>"; };
		AF582FEB1CF63771005E4938 /* OtherAlogrithms.m */ = {isa = PBXFileReference; fileEncoding = 4; lastKnownFileType = sourcecode.c.objc; path = OtherAlogrithms.m; sourceTree = "<group>"; };
		AF582FED1CF6D713005E4938 /* Search.h */ = {isa = PBXFileReference; fileEncoding = 4; lastKnownFileType = sourcecode.c.h; path = Search.h; sourceTree = "<group>"; };
		AF582FEE1CF6D713005E4938 /* Search.m */ = {isa = PBXFileReference; fileEncoding = 4; lastKnownFileType = sourcecode.c.objc; path = Search.m; sourceTree = "<group>"; };
		AF582FF11CF6E09E005E4938 /* LinkedList.h */ = {isa = PBXFileReference; fileEncoding = 4; lastKnownFileType = sourcecode.c.h; path = LinkedList.h; sourceTree = "<group>"; };
		AF582FF21CF6E09E005E4938 /* LinkedList.m */ = {isa = PBXFileReference; fileEncoding = 4; lastKnownFileType = sourcecode.c.objc; path = LinkedList.m; sourceTree = "<group>"; };
		AF948C921CE85E0D00411B66 /* ListNode.h */ = {isa = PBXFileReference; fileEncoding = 4; lastKnownFileType = sourcecode.c.h; path = ListNode.h; sourceTree = "<group>"; };
		AF948C931CE85E0D00411B66 /* ListNode.m */ = {isa = PBXFileReference; fileEncoding = 4; lastKnownFileType = sourcecode.c.objc; path = ListNode.m; sourceTree = "<group>"; };
		AFA17A871CE707AA0046E395 /* LeetCodeInObjective-C */ = {isa = PBXFileReference; explicitFileType = "compiled.mach-o.executable"; includeInIndex = 0; path = "LeetCodeInObjective-C"; sourceTree = BUILT_PRODUCTS_DIR; };
		AFA17A8A1CE707AA0046E395 /* main.m */ = {isa = PBXFileReference; lastKnownFileType = sourcecode.c.objc; path = main.m; sourceTree = "<group>"; };
		AFA17A911CE707BD0046E395 /* Problem1To10.h */ = {isa = PBXFileReference; fileEncoding = 4; lastKnownFileType = sourcecode.c.h; path = Problem1To10.h; sourceTree = "<group>"; };
		AFA17A921CE707BD0046E395 /* Problem1To10.m */ = {isa = PBXFileReference; fileEncoding = 4; lastKnownFileType = sourcecode.c.objc; path = Problem1To10.m; sourceTree = "<group>"; };
		AFA17A951CE707E20046E395 /* Sort.h */ = {isa = PBXFileReference; fileEncoding = 4; lastKnownFileType = sourcecode.c.h; path = Sort.h; sourceTree = "<group>"; };
		AFA17A961CE707E20046E395 /* Sort.m */ = {isa = PBXFileReference; fileEncoding = 4; lastKnownFileType = sourcecode.c.objc; path = Sort.m; sourceTree = "<group>"; };
		AFAEF74F1CF7B13900E9C8B4 /* Tree.h */ = {isa = PBXFileReference; fileEncoding = 4; lastKnownFileType = sourcecode.c.h; path = Tree.h; sourceTree = "<group>"; };
		AFAEF7501CF7B13900E9C8B4 /* Tree.m */ = {isa = PBXFileReference; fileEncoding = 4; lastKnownFileType = sourcecode.c.objc; path = Tree.m; sourceTree = "<group>"; };
		AFE32B1A1CFBB1D000D0CEA1 /* Problem21To30.h */ = {isa = PBXFileReference; fileEncoding = 4; lastKnownFileType = sourcecode.c.h; path = Problem21To30.h; sourceTree = "<group>"; };
		AFE32B1B1CFBB1D000D0CEA1 /* Problem21To30.m */ = {isa = PBXFileReference; fileEncoding = 4; lastKnownFileType = sourcecode.c.objc; path = Problem21To30.m; sourceTree = "<group>"; };
		AFE32B1F1CFBE8D100D0CEA1 /* Problem131To140.h */ = {isa = PBXFileReference; fileEncoding = 4; lastKnownFileType = sourcecode.c.h; path = Problem131To140.h; sourceTree = "<group>"; };
		AFE32B201CFBE8D100D0CEA1 /* Problem131To140.m */ = {isa = PBXFileReference; fileEncoding = 4; lastKnownFileType = sourcecode.c.objc; path = Problem131To140.m; sourceTree = "<group>"; };
		AFE32B251CFC0BA700D0CEA1 /* Problem141To150.h */ = {isa = PBXFileReference; fileEncoding = 4; lastKnownFileType = sourcecode.c.h; path = Problem141To150.h; sourceTree = "<group>"; };
		AFE32B261CFC0BA700D0CEA1 /* Problem141To150.m */ = {isa = PBXFileReference; fileEncoding = 4; lastKnownFileType = sourcecode.c.objc; path = Problem141To150.m; sourceTree = "<group>"; };
		AFE32B2F1CFCEC3F00D0CEA1 /* Problem121To130.h */ = {isa = PBXFileReference; fileEncoding = 4; lastKnownFileType = sourcecode.c.h; path = Problem121To130.h; sourceTree = "<group>"; };
		AFE32B301CFCEC3F00D0CEA1 /* Problem121To130.m */ = {isa = PBXFileReference; fileEncoding = 4; lastKnownFileType = sourcecode.c.objc; path = Problem121To130.m; sourceTree = "<group>"; };
/* End PBXFileReference section */

/* Begin PBXFrameworksBuildPhase section */
		AFA17A841CE707A90046E395 /* Frameworks */ = {
			isa = PBXFrameworksBuildPhase;
			buildActionMask = 2147483647;
			files = (
			);
			runOnlyForDeploymentPostprocessing = 0;
		};
/* End PBXFrameworksBuildPhase section */

/* Begin PBXGroup section */
		AF582FF01CF6E083005E4938 /* Data structure */ = {
			isa = PBXGroup;
			children = (
				AF582FF11CF6E09E005E4938 /* LinkedList.h */,
				AF582FF21CF6E09E005E4938 /* LinkedList.m */,
				AFAEF74F1CF7B13900E9C8B4 /* Tree.h */,
				AFAEF7501CF7B13900E9C8B4 /* Tree.m */,
			);
			name = "Data structure";
			sourceTree = "<group>";
		};
		AFA17A7E1CE707A90046E395 = {
			isa = PBXGroup;
			children = (
				AFA17A891CE707AA0046E395 /* LeetCodeInObjective-C */,
				AFA17A881CE707AA0046E395 /* Products */,
			);
			sourceTree = "<group>";
		};
		AFA17A881CE707AA0046E395 /* Products */ = {
			isa = PBXGroup;
			children = (
				AFA17A871CE707AA0046E395 /* LeetCodeInObjective-C */,
			);
			name = Products;
			sourceTree = "<group>";
		};
		AFA17A891CE707AA0046E395 /* LeetCodeInObjective-C */ = {
			isa = PBXGroup;
			children = (
				AFA17A911CE707BD0046E395 /* Problem1To10.h */,
				AFA17A921CE707BD0046E395 /* Problem1To10.m */,
				AFE32B1A1CFBB1D000D0CEA1 /* Problem21To30.h */,
				AFE32B1B1CFBB1D000D0CEA1 /* Problem21To30.m */,
				AF407CEA1CFA7C2B00B6A543 /* Problem31To40.h */,
				AF407CEB1CFA7C2B00B6A543 /* Problem31To40.m */,
				AF407CF11CFAAE5E00B6A543 /* Problem101To110.h */,
				AF407CF21CFAAE5E00B6A543 /* Problem101To110.m */,
				AFE32B2F1CFCEC3F00D0CEA1 /* Problem121To130.h */,
				AFE32B301CFCEC3F00D0CEA1 /* Problem121To130.m */,
				AFE32B1F1CFBE8D100D0CEA1 /* Problem131To140.h */,
				AFE32B201CFBE8D100D0CEA1 /* Problem131To140.m */,
				AFE32B251CFC0BA700D0CEA1 /* Problem141To150.h */,
				AFE32B261CFC0BA700D0CEA1 /* Problem141To150.m */,
				AF582FE71CF53469005E4938 /* Problem151To160.h */,
				AF582FE81CF53469005E4938 /* Problem151To160.m */,
				AF948C921CE85E0D00411B66 /* ListNode.h */,
				AF948C931CE85E0D00411B66 /* ListNode.m */,
				AFA17A8A1CE707AA0046E395 /* main.m */,
				AF582FF01CF6E083005E4938 /* Data structure */,
				AFA17A941CE707D10046E395 /* Algorithms */,
			);
			path = "LeetCodeInObjective-C";
			sourceTree = "<group>";
		};
		AFA17A941CE707D10046E395 /* Algorithms */ = {
			isa = PBXGroup;
			children = (
				AFA17A951CE707E20046E395 /* Sort.h */,
				AFA17A961CE707E20046E395 /* Sort.m */,
				AF582FED1CF6D713005E4938 /* Search.h */,
				AF582FEE1CF6D713005E4938 /* Search.m */,
				AF582FEA1CF63771005E4938 /* OtherAlogrithms.h */,
				AF582FEB1CF63771005E4938 /* OtherAlogrithms.m */,
			);
			name = Algorithms;
			sourceTree = "<group>";
		};
/* End PBXGroup section */

/* Begin PBXNativeTarget section */
		AFA17A861CE707A90046E395 /* LeetCodeInObjective-C */ = {
			isa = PBXNativeTarget;
			buildConfigurationList = AFA17A8E1CE707AA0046E395 /* Build configuration list for PBXNativeTarget "LeetCodeInObjective-C" */;
			buildPhases = (
				AFA17A831CE707A90046E395 /* Sources */,
				AFA17A841CE707A90046E395 /* Frameworks */,
				AFA17A851CE707A90046E395 /* CopyFiles */,
			);
			buildRules = (
			);
			dependencies = (
			);
			name = "LeetCodeInObjective-C";
			productName = "LeetCodeInObjective-C";
			productReference = AFA17A871CE707AA0046E395 /* LeetCodeInObjective-C */;
			productType = "com.apple.product-type.tool";
		};
/* End PBXNativeTarget section */

/* Begin PBXProject section */
		AFA17A7F1CE707A90046E395 /* Project object */ = {
			isa = PBXProject;
			attributes = {
				LastUpgradeCheck = 0730;
				ORGANIZATIONNAME = ChengzhiJia;
				TargetAttributes = {
					AFA17A861CE707A90046E395 = {
						CreatedOnToolsVersion = 7.3.1;
					};
				};
			};
			buildConfigurationList = AFA17A821CE707A90046E395 /* Build configuration list for PBXProject "LeetCodeInObjective-C" */;
			compatibilityVersion = "Xcode 3.2";
			developmentRegion = English;
			hasScannedForEncodings = 0;
			knownRegions = (
				en,
			);
			mainGroup = AFA17A7E1CE707A90046E395;
			productRefGroup = AFA17A881CE707AA0046E395 /* Products */;
			projectDirPath = "";
			projectRoot = "";
			targets = (
				AFA17A861CE707A90046E395 /* LeetCodeInObjective-C */,
			);
		};
/* End PBXProject section */

/* Begin PBXSourcesBuildPhase section */
		AFA17A831CE707A90046E395 /* Sources */ = {
			isa = PBXSourcesBuildPhase;
			buildActionMask = 2147483647;
			files = (
				AF582FEC1CF63771005E4938 /* OtherAlogrithms.m in Sources */,
				AF407CF31CFAAE5E00B6A543 /* Problem101To110.m in Sources */,
				AFA17A971CE707E20046E395 /* Sort.m in Sources */,
				AF582FF31CF6E09E005E4938 /* LinkedList.m in Sources */,
				AFE32B1C1CFBB1D000D0CEA1 /* Problem21To30.m in Sources */,
				AFE32B211CFBE8D100D0CEA1 /* Problem131To140.m in Sources */,
				AF582FE91CF53469005E4938 /* Problem151To160.m in Sources */,
				AF407CEC1CFA7C2B00B6A543 /* Problem31To40.m in Sources */,
				AFA17A8B1CE707AA0046E395 /* main.m in Sources */,
				AFA17A931CE707BD0046E395 /* Problem1To10.m in Sources */,
				AFE32B271CFC0BA700D0CEA1 /* Problem141To150.m in Sources */,
				AFAEF7511CF7B13900E9C8B4 /* Tree.m in Sources */,
				AFE32B311CFCEC3F00D0CEA1 /* Problem121To130.m in Sources */,
				AF948C941CE85E0D00411B66 /* ListNode.m in Sources */,
				AF582FEF1CF6D713005E4938 /* Search.m in Sources */,
			);
			runOnlyForDeploymentPostprocessing = 0;
		};
/* End PBXSourcesBuildPhase section */

/* Begin XCBuildConfiguration section */
		AFA17A8C1CE707AA0046E395 /* Debug */ = {
			isa = XCBuildConfiguration;
			buildSettings = {
				ALWAYS_SEARCH_USER_PATHS = NO;
				CLANG_ANALYZER_NONNULL = YES;
				CLANG_CXX_LANGUAGE_STANDARD = "gnu++0x";
				CLANG_CXX_LIBRARY = "libc++";
				CLANG_ENABLE_MODULES = YES;
				CLANG_ENABLE_OBJC_ARC = YES;
				CLANG_WARN_BOOL_CONVERSION = YES;
				CLANG_WARN_CONSTANT_CONVERSION = YES;
				CLANG_WARN_DIRECT_OBJC_ISA_USAGE = YES_ERROR;
				CLANG_WARN_EMPTY_BODY = YES;
				CLANG_WARN_ENUM_CONVERSION = YES;
				CLANG_WARN_INT_CONVERSION = YES;
				CLANG_WARN_OBJC_ROOT_CLASS = YES_ERROR;
				CLANG_WARN_UNREACHABLE_CODE = YES;
				CLANG_WARN__DUPLICATE_METHOD_MATCH = YES;
				CODE_SIGN_IDENTITY = "-";
				COPY_PHASE_STRIP = NO;
				DEBUG_INFORMATION_FORMAT = dwarf;
				ENABLE_STRICT_OBJC_MSGSEND = YES;
				ENABLE_TESTABILITY = YES;
				GCC_C_LANGUAGE_STANDARD = gnu99;
				GCC_DYNAMIC_NO_PIC = NO;
				GCC_NO_COMMON_BLOCKS = YES;
				GCC_OPTIMIZATION_LEVEL = 0;
				GCC_PREPROCESSOR_DEFINITIONS = (
					"DEBUG=1",
					"$(inherited)",
				);
				GCC_WARN_64_TO_32_BIT_CONVERSION = YES;
				GCC_WARN_ABOUT_RETURN_TYPE = YES_ERROR;
				GCC_WARN_UNDECLARED_SELECTOR = YES;
				GCC_WARN_UNINITIALIZED_AUTOS = YES_AGGRESSIVE;
				GCC_WARN_UNUSED_FUNCTION = YES;
				GCC_WARN_UNUSED_VARIABLE = YES;
				MACOSX_DEPLOYMENT_TARGET = 10.11;
				MTL_ENABLE_DEBUG_INFO = YES;
				ONLY_ACTIVE_ARCH = YES;
				SDKROOT = macosx;
			};
			name = Debug;
		};
		AFA17A8D1CE707AA0046E395 /* Release */ = {
			isa = XCBuildConfiguration;
			buildSettings = {
				ALWAYS_SEARCH_USER_PATHS = NO;
				CLANG_ANALYZER_NONNULL = YES;
				CLANG_CXX_LANGUAGE_STANDARD = "gnu++0x";
				CLANG_CXX_LIBRARY = "libc++";
				CLANG_ENABLE_MODULES = YES;
				CLANG_ENABLE_OBJC_ARC = YES;
				CLANG_WARN_BOOL_CONVERSION = YES;
				CLANG_WARN_CONSTANT_CONVERSION = YES;
				CLANG_WARN_DIRECT_OBJC_ISA_USAGE = YES_ERROR;
				CLANG_WARN_EMPTY_BODY = YES;
				CLANG_WARN_ENUM_CONVERSION = YES;
				CLANG_WARN_INT_CONVERSION = YES;
				CLANG_WARN_OBJC_ROOT_CLASS = YES_ERROR;
				CLANG_WARN_UNREACHABLE_CODE = YES;
				CLANG_WARN__DUPLICATE_METHOD_MATCH = YES;
				CODE_SIGN_IDENTITY = "-";
				COPY_PHASE_STRIP = NO;
				DEBUG_INFORMATION_FORMAT = "dwarf-with-dsym";
				ENABLE_NS_ASSERTIONS = NO;
				ENABLE_STRICT_OBJC_MSGSEND = YES;
				GCC_C_LANGUAGE_STANDARD = gnu99;
				GCC_NO_COMMON_BLOCKS = YES;
				GCC_WARN_64_TO_32_BIT_CONVERSION = YES;
				GCC_WARN_ABOUT_RETURN_TYPE = YES_ERROR;
				GCC_WARN_UNDECLARED_SELECTOR = YES;
				GCC_WARN_UNINITIALIZED_AUTOS = YES_AGGRESSIVE;
				GCC_WARN_UNUSED_FUNCTION = YES;
				GCC_WARN_UNUSED_VARIABLE = YES;
				MACOSX_DEPLOYMENT_TARGET = 10.11;
				MTL_ENABLE_DEBUG_INFO = NO;
				SDKROOT = macosx;
			};
			name = Release;
		};
		AFA17A8F1CE707AA0046E395 /* Debug */ = {
			isa = XCBuildConfiguration;
			buildSettings = {
				PRODUCT_NAME = "$(TARGET_NAME)";
			};
			name = Debug;
		};
		AFA17A901CE707AA0046E395 /* Release */ = {
			isa = XCBuildConfiguration;
			buildSettings = {
				PRODUCT_NAME = "$(TARGET_NAME)";
			};
			name = Release;
		};
/* End XCBuildConfiguration section */

/* Begin XCConfigurationList section */
		AFA17A821CE707A90046E395 /* Build configuration list for PBXProject "LeetCodeInObjective-C" */ = {
			isa = XCConfigurationList;
			buildConfigurations = (
				AFA17A8C1CE707AA0046E395 /* Debug */,
				AFA17A8D1CE707AA0046E395 /* Release */,
			);
			defaultConfigurationIsVisible = 0;
			defaultConfigurationName = Release;
		};
		AFA17A8E1CE707AA0046E395 /* Build configuration list for PBXNativeTarget "LeetCodeInObjective-C" */ = {
			isa = XCConfigurationList;
			buildConfigurations = (
				AFA17A8F1CE707AA0046E395 /* Debug */,
				AFA17A901CE707AA0046E395 /* Release */,
			);
			defaultConfigurationIsVisible = 0;
			defaultConfigurationName = Release;
		};
/* End XCConfigurationList section */
	};
	rootObject = AFA17A7F1CE707A90046E395 /* Project object */;
}
