// !$*UTF8*$!
{
	archiveVersion = 1;
	classes = {
	};
	objectVersion = 46;
	objects = {

/* Begin PBXBuildFile section */
		AF541C6C1EB2A89900DFEB7A /* main.m in Sources */ = {isa = PBXBuildFile; fileRef = AF541C6B1EB2A89900DFEB7A /* main.m */; };
		AF92A79A1EB2A92D008D435C /* Add_Two_Numbers.m in Sources */ = {isa = PBXBuildFile; fileRef = AF92A7991EB2A92D008D435C /* Add_Two_Numbers.m */; };
/* End PBXBuildFile section */

/* Begin PBXCopyFilesBuildPhase section */
		AF541C661EB2A89900DFEB7A /* CopyFiles */ = {
			isa = PBXCopyFilesBuildPhase;
			buildActionMask = 2147483647;
			dstPath = /usr/share/man/man1/;
			dstSubfolderSpec = 0;
			files = (
			);
			runOnlyForDeploymentPostprocessing = 1;
		};
/* End PBXCopyFilesBuildPhase section */

/* Begin PBXFileReference section */
		AF541C681EB2A89900DFEB7A /* LeetCode_Objective-C */ = {isa = PBXFileReference; explicitFileType = "compiled.mach-o.executable"; includeInIndex = 0; path = "LeetCode_Objective-C"; sourceTree = BUILT_PRODUCTS_DIR; };
		AF541C6B1EB2A89900DFEB7A /* main.m */ = {isa = PBXFileReference; lastKnownFileType = sourcecode.c.objc; path = main.m; sourceTree = "<group>"; };
		AF92A7981EB2A92D008D435C /* Add_Two_Numbers.h */ = {isa = PBXFileReference; fileEncoding = 4; lastKnownFileType = sourcecode.c.h; path = Add_Two_Numbers.h; sourceTree = "<group>"; };
		AF92A7991EB2A92D008D435C /* Add_Two_Numbers.m */ = {isa = PBXFileReference; fileEncoding = 4; lastKnownFileType = sourcecode.c.objc; path = Add_Two_Numbers.m; sourceTree = "<group>"; };
/* End PBXFileReference section */

/* Begin PBXFrameworksBuildPhase section */
		AF541C651EB2A89900DFEB7A /* Frameworks */ = {
			isa = PBXFrameworksBuildPhase;
			buildActionMask = 2147483647;
			files = (
			);
			runOnlyForDeploymentPostprocessing = 0;
		};
/* End PBXFrameworksBuildPhase section */

/* Begin PBXGroup section */
		AF541C5F1EB2A89900DFEB7A = {
			isa = PBXGroup;
			children = (
				AF541C6A1EB2A89900DFEB7A /* LeetCode_Objective-C */,
				AF541C691EB2A89900DFEB7A /* Products */,
			);
			sourceTree = "<group>";
		};
		AF541C691EB2A89900DFEB7A /* Products */ = {
			isa = PBXGroup;
			children = (
				AF541C681EB2A89900DFEB7A /* LeetCode_Objective-C */,
			);
			name = Products;
			sourceTree = "<group>";
		};
		AF541C6A1EB2A89900DFEB7A /* LeetCode_Objective-C */ = {
			isa = PBXGroup;
			children = (
				AF541C721EB2A8AA00DFEB7A /* Problem1To10 */,
				AF541C6B1EB2A89900DFEB7A /* main.m */,
			);
			path = "LeetCode_Objective-C";
			sourceTree = "<group>";
		};
		AF541C721EB2A8AA00DFEB7A /* Problem1To10 */ = {
			isa = PBXGroup;
			children = (
				AF92A7981EB2A92D008D435C /* Add_Two_Numbers.h */,
				AF92A7991EB2A92D008D435C /* Add_Two_Numbers.m */,
			);
			name = Problem1To10;
			sourceTree = "<group>";
		};
/* End PBXGroup section */

/* Begin PBXNativeTarget section */
		AF541C671EB2A89900DFEB7A /* LeetCode_Objective-C */ = {
			isa = PBXNativeTarget;
			buildConfigurationList = AF541C6F1EB2A89900DFEB7A /* Build configuration list for PBXNativeTarget "LeetCode_Objective-C" */;
			buildPhases = (
				AF541C641EB2A89900DFEB7A /* Sources */,
				AF541C651EB2A89900DFEB7A /* Frameworks */,
				AF541C661EB2A89900DFEB7A /* CopyFiles */,
			);
			buildRules = (
			);
			dependencies = (
			);
			name = "LeetCode_Objective-C";
			productName = "LeetCode_Objective-C";
			productReference = AF541C681EB2A89900DFEB7A /* LeetCode_Objective-C */;
			productType = "com.apple.product-type.tool";
		};
/* End PBXNativeTarget section */

/* Begin PBXProject section */
		AF541C601EB2A89900DFEB7A /* Project object */ = {
			isa = PBXProject;
			attributes = {
				LastUpgradeCheck = 0830;
				ORGANIZATIONNAME = "Chengzhi Jia";
				TargetAttributes = {
					AF541C671EB2A89900DFEB7A = {
						CreatedOnToolsVersion = 8.3.2;
						DevelopmentTeam = LPRD99FQ39;
						ProvisioningStyle = Automatic;
					};
				};
			};
			buildConfigurationList = AF541C631EB2A89900DFEB7A /* Build configuration list for PBXProject "LeetCode_Objective-C" */;
			compatibilityVersion = "Xcode 3.2";
			developmentRegion = English;
			hasScannedForEncodings = 0;
			knownRegions = (
				en,
			);
			mainGroup = AF541C5F1EB2A89900DFEB7A;
			productRefGroup = AF541C691EB2A89900DFEB7A /* Products */;
			projectDirPath = "";
			projectRoot = "";
			targets = (
				AF541C671EB2A89900DFEB7A /* LeetCode_Objective-C */,
			);
		};
/* End PBXProject section */

/* Begin PBXSourcesBuildPhase section */
		AF541C641EB2A89900DFEB7A /* Sources */ = {
			isa = PBXSourcesBuildPhase;
			buildActionMask = 2147483647;
			files = (
				AF541C6C1EB2A89900DFEB7A /* main.m in Sources */,
				AF92A79A1EB2A92D008D435C /* Add_Two_Numbers.m in Sources */,
			);
			runOnlyForDeploymentPostprocessing = 0;
		};
/* End PBXSourcesBuildPhase section */

/* Begin XCBuildConfiguration section */
		AF541C6D1EB2A89900DFEB7A /* Debug */ = {
			isa = XCBuildConfiguration;
			buildSettings = {
				ALWAYS_SEARCH_USER_PATHS = NO;
				CLANG_ANALYZER_NONNULL = YES;
				CLANG_ANALYZER_NUMBER_OBJECT_CONVERSION = YES_AGGRESSIVE;
				CLANG_CXX_LANGUAGE_STANDARD = "gnu++0x";
				CLANG_CXX_LIBRARY = "libc++";
				CLANG_ENABLE_MODULES = YES;
				CLANG_ENABLE_OBJC_ARC = YES;
				CLANG_WARN_BOOL_CONVERSION = YES;
				CLANG_WARN_CONSTANT_CONVERSION = YES;
				CLANG_WARN_DIRECT_OBJC_ISA_USAGE = YES_ERROR;
				CLANG_WARN_DOCUMENTATION_COMMENTS = YES;
				CLANG_WARN_EMPTY_BODY = YES;
				CLANG_WARN_ENUM_CONVERSION = YES;
				CLANG_WARN_INFINITE_RECURSION = YES;
				CLANG_WARN_INT_CONVERSION = YES;
				CLANG_WARN_OBJC_ROOT_CLASS = YES_ERROR;
				CLANG_WARN_SUSPICIOUS_MOVE = YES;
				CLANG_WARN_UNREACHABLE_CODE = YES;
				CLANG_WARN__DUPLICATE_METHOD_MATCH = YES;
				CODE_SIGN_IDENTITY = "-";
				COPY_PHASE_STRIP = NO;
				DEBUG_INFORMATION_FORMAT = dwarf;
				ENABLE_STRICT_OBJC_MSGSEND = YES;
				ENABLE_TESTABILITY = YES;
				GCC_C_LANGUAGE_STANDARD = gnu99;
				GCC_DYNAMIC_NO_PIC = NO;
				GCC_NO_COMMON_BLOCKS = YES;
				GCC_OPTIMIZATION_LEVEL = 0;
				GCC_PREPROCESSOR_DEFINITIONS = (
					"DEBUG=1",
					"$(inherited)",
				);
				GCC_WARN_64_TO_32_BIT_CONVERSION = YES;
				GCC_WARN_ABOUT_RETURN_TYPE = YES_ERROR;
				GCC_WARN_UNDECLARED_SELECTOR = YES;
				GCC_WARN_UNINITIALIZED_AUTOS = YES_AGGRESSIVE;
				GCC_WARN_UNUSED_FUNCTION = YES;
				GCC_WARN_UNUSED_VARIABLE = YES;
				MACOSX_DEPLOYMENT_TARGET = 10.12;
				MTL_ENABLE_DEBUG_INFO = YES;
				ONLY_ACTIVE_ARCH = YES;
				SDKROOT = macosx;
			};
			name = Debug;
		};
		AF541C6E1EB2A89900DFEB7A /* Release */ = {
			isa = XCBuildConfiguration;
			buildSettings = {
				ALWAYS_SEARCH_USER_PATHS = NO;
				CLANG_ANALYZER_NONNULL = YES;
				CLANG_ANALYZER_NUMBER_OBJECT_CONVERSION = YES_AGGRESSIVE;
				CLANG_CXX_LANGUAGE_STANDARD = "gnu++0x";
				CLANG_CXX_LIBRARY = "libc++";
				CLANG_ENABLE_MODULES = YES;
				CLANG_ENABLE_OBJC_ARC = YES;
				CLANG_WARN_BOOL_CONVERSION = YES;
				CLANG_WARN_CONSTANT_CONVERSION = YES;
				CLANG_WARN_DIRECT_OBJC_ISA_USAGE = YES_ERROR;
				CLANG_WARN_DOCUMENTATION_COMMENTS = YES;
				CLANG_WARN_EMPTY_BODY = YES;
				CLANG_WARN_ENUM_CONVERSION = YES;
				CLANG_WARN_INFINITE_RECURSION = YES;
				CLANG_WARN_INT_CONVERSION = YES;
				CLANG_WARN_OBJC_ROOT_CLASS = YES_ERROR;
				CLANG_WARN_SUSPICIOUS_MOVE = YES;
				CLANG_WARN_UNREACHABLE_CODE = YES;
				CLANG_WARN__DUPLICATE_METHOD_MATCH = YES;
				CODE_SIGN_IDENTITY = "-";
				COPY_PHASE_STRIP = NO;
				DEBUG_INFORMATION_FORMAT = "dwarf-with-dsym";
				ENABLE_NS_ASSERTIONS = NO;
				ENABLE_STRICT_OBJC_MSGSEND = YES;
				GCC_C_LANGUAGE_STANDARD = gnu99;
				GCC_NO_COMMON_BLOCKS = YES;
				GCC_WARN_64_TO_32_BIT_CONVERSION = YES;
				GCC_WARN_ABOUT_RETURN_TYPE = YES_ERROR;
				GCC_WARN_UNDECLARED_SELECTOR = YES;
				GCC_WARN_UNINITIALIZED_AUTOS = YES_AGGRESSIVE;
				GCC_WARN_UNUSED_FUNCTION = YES;
				GCC_WARN_UNUSED_VARIABLE = YES;
				MACOSX_DEPLOYMENT_TARGET = 10.12;
				MTL_ENABLE_DEBUG_INFO = NO;
				SDKROOT = macosx;
			};
			name = Release;
		};
		AF541C701EB2A89900DFEB7A /* Debug */ = {
			isa = XCBuildConfiguration;
			buildSettings = {
				DEVELOPMENT_TEAM = LPRD99FQ39;
				PRODUCT_NAME = "$(TARGET_NAME)";
			};
			name = Debug;
		};
		AF541C711EB2A89900DFEB7A /* Release */ = {
			isa = XCBuildConfiguration;
			buildSettings = {
				DEVELOPMENT_TEAM = LPRD99FQ39;
				PRODUCT_NAME = "$(TARGET_NAME)";
			};
			name = Release;
		};
/* End XCBuildConfiguration section */

/* Begin XCConfigurationList section */
		AF541C631EB2A89900DFEB7A /* Build configuration list for PBXProject "LeetCode_Objective-C" */ = {
			isa = XCConfigurationList;
			buildConfigurations = (
				AF541C6D1EB2A89900DFEB7A /* Debug */,
				AF541C6E1EB2A89900DFEB7A /* Release */,
			);
			defaultConfigurationIsVisible = 0;
			defaultConfigurationName = Release;
		};
		AF541C6F1EB2A89900DFEB7A /* Build configuration list for PBXNativeTarget "LeetCode_Objective-C" */ = {
			isa = XCConfigurationList;
			buildConfigurations = (
				AF541C701EB2A89900DFEB7A /* Debug */,
				AF541C711EB2A89900DFEB7A /* Release */,
			);
			defaultConfigurationIsVisible = 0;
			defaultConfigurationName = Release;
		};
/* End XCConfigurationList section */
	};
	rootObject = AF541C601EB2A89900DFEB7A /* Project object */;
}
